<?xml version="1.0" encoding="UTF-8"?>
<Project ToolsVersion="14.0" xmlns="http://schemas.microsoft.com/developer/msbuild/2003">
  <ItemGroup>
    <ClCompile Include="C:\repos\opencv\sources\modules\imgcodecs\src\loadsave.cpp">
      <Filter>Src</Filter>
    </ClCompile>
    <ClCompile Include="C:\repos\opencv\sources\modules\imgcodecs\src\utils.cpp">
      <Filter>Src</Filter>
    </ClCompile>
    <ClCompile Include="C:\repos\opencv\sources\modules\imgcodecs\src\grfmt_base.cpp">
      <Filter>Src\grfmts</Filter>
    </ClCompile>
    <ClCompile Include="C:\repos\opencv\sources\modules\imgcodecs\src\grfmt_bmp.cpp">
      <Filter>Src\grfmts</Filter>
    </ClCompile>
    <ClCompile Include="C:\repos\opencv\sources\modules\imgcodecs\src\grfmt_exr.cpp">
      <Filter>Src\grfmts</Filter>
    </ClCompile>
    <ClCompile Include="C:\repos\opencv\sources\modules\imgcodecs\src\grfmt_gdal.cpp">
      <Filter>Src\grfmts</Filter>
    </ClCompile>
    <ClCompile Include="C:\repos\opencv\sources\modules\imgcodecs\src\grfmt_hdr.cpp">
      <Filter>Src\grfmts</Filter>
    </ClCompile>
    <ClCompile Include="C:\repos\opencv\sources\modules\imgcodecs\src\grfmt_jpeg.cpp">
      <Filter>Src\grfmts</Filter>
    </ClCompile>
    <ClCompile Include="C:\repos\opencv\sources\modules\imgcodecs\src\grfmt_jpeg2000.cpp">
      <Filter>Src\grfmts</Filter>
    </ClCompile>
    <ClCompile Include="C:\repos\opencv\sources\modules\imgcodecs\src\grfmt_png.cpp">
      <Filter>Src\grfmts</Filter>
    </ClCompile>
    <ClCompile Include="C:\repos\opencv\sources\modules\imgcodecs\src\grfmt_pxm.cpp">
      <Filter>Src\grfmts</Filter>
    </ClCompile>
    <ClCompile Include="C:\repos\opencv\sources\modules\imgcodecs\src\grfmt_sunras.cpp">
      <Filter>Src\grfmts</Filter>
    </ClCompile>
    <ClCompile Include="C:\repos\opencv\sources\modules\imgcodecs\src\grfmt_tiff.cpp">
      <Filter>Src\grfmts</Filter>
    </ClCompile>
    <ClCompile Include="C:\repos\opencv\sources\modules\imgcodecs\src\grfmt_webp.cpp">
      <Filter>Src\grfmts</Filter>
    </ClCompile>
    <ClCompile Include="C:\repos\opencv\sources\modules\imgcodecs\src\bitstrm.cpp">
      <Filter>Src\grfmts</Filter>
    </ClCompile>
    <ClCompile Include="C:\repos\opencv\sources\modules\imgcodecs\src\rgbe.cpp">
      <Filter>Src\grfmts</Filter>
    </ClCompile>
    <ClCompile Include="opencv_imgcodecs_pch.cpp">
      <Filter>Source Files</Filter>
    </ClCompile>
  </ItemGroup>
  <ItemGroup>
    <ClInclude Include="C:\repos\opencv\sources\modules\imgcodecs\include\opencv2\imgcodecs.hpp">
      <Filter>Include</Filter>
    </ClInclude>
    <ClInclude Include="C:\repos\opencv\sources\modules\imgcodecs\include\opencv2\imgcodecs\imgcodecs.hpp">
      <Filter>Include</Filter>
    </ClInclude>
    <ClInclude Include="C:\repos\opencv\sources\modules\imgcodecs\include\opencv2\imgcodecs\imgcodecs_c.h">
      <Filter>Include</Filter>
    </ClInclude>
    <ClInclude Include="C:\repos\opencv\sources\modules\imgcodecs\include\opencv2\imgcodecs\ios.h">
      <Filter>Include</Filter>
    </ClInclude>
    <ClInclude Include="C:\repos\opencv\sources\modules\imgcodecs\src\precomp.hpp">
      <Filter>Src</Filter>
    </ClInclude>
    <ClInclude Include="C:\repos\opencv\sources\modules\imgcodecs\src\utils.hpp">
      <Filter>Src</Filter>
    </ClInclude>
    <ClInclude Include="C:\repos\opencv\sources\modules\imgcodecs\src\grfmts.hpp">
      <Filter>Src\grfmts</Filter>
    </ClInclude>
    <ClInclude Include="C:\repos\opencv\sources\modules\imgcodecs\src\grfmt_base.hpp">
      <Filter>Src\grfmts</Filter>
    </ClInclude>
    <ClInclude Include="C:\repos\opencv\sources\modules\imgcodecs\src\grfmt_bmp.hpp">
      <Filter>Src\grfmts</Filter>
    </ClInclude>
    <ClInclude Include="C:\repos\opencv\sources\modules\imgcodecs\src\grfmt_exr.hpp">
      <Filter>Src\grfmts</Filter>
    </ClInclude>
    <ClInclude Include="C:\repos\opencv\sources\modules\imgcodecs\src\grfmt_gdal.hpp">
      <Filter>Src\grfmts</Filter>
    </ClInclude>
    <ClInclude Include="C:\repos\opencv\sources\modules\imgcodecs\src\grfmt_hdr.hpp">
      <Filter>Src\grfmts</Filter>
    </ClInclude>
    <ClInclude Include="C:\repos\opencv\sources\modules\imgcodecs\src\grfmt_jpeg.hpp">
      <Filter>Src\grfmts</Filter>
    </ClInclude>
    <ClInclude Include="C:\repos\opencv\sources\modules\imgcodecs\src\grfmt_jpeg2000.hpp">
      <Filter>Src\grfmts</Filter>
    </ClInclude>
    <ClInclude Include="C:\repos\opencv\sources\modules\imgcodecs\src\grfmt_png.hpp">
      <Filter>Src\grfmts</Filter>
    </ClInclude>
    <ClInclude Include="C:\repos\opencv\sources\modules\imgcodecs\src\grfmt_pxm.hpp">
      <Filter>Src\grfmts</Filter>
    </ClInclude>
    <ClInclude Include="C:\repos\opencv\sources\modules\imgcodecs\src\grfmt_sunras.hpp">
      <Filter>Src\grfmts</Filter>
    </ClInclude>
    <ClInclude Include="C:\repos\opencv\sources\modules\imgcodecs\src\grfmt_tiff.hpp">
      <Filter>Src\grfmts</Filter>
    </ClInclude>
    <ClInclude Include="C:\repos\opencv\sources\modules\imgcodecs\src\grfmt_webp.hpp">
      <Filter>Src\grfmts</Filter>
    </ClInclude>
    <ClInclude Include="C:\repos\opencv\sources\modules\imgcodecs\src\bitstrm.hpp">
      <Filter>Src\grfmts</Filter>
    </ClInclude>
    <ClInclude Include="C:\repos\opencv\sources\modules\imgcodecs\src\rgbe.hpp">
      <Filter>Src\grfmts</Filter>
    </ClInclude>
    <ClInclude Include="..\..\cvconfig.h">
      <Filter>Header Files</Filter>
    </ClInclude>
    <ClInclude Include="..\..\opencv2\opencv_modules.hpp">
      <Filter>Header Files</Filter>
    </ClInclude>
  </ItemGroup>
  <ItemGroup>
    <CustomBuild Include="C:\repos\opencv\sources\modules\imgcodecs\CMakeLists.txt" />
  </ItemGroup>
  <ItemGroup>
    <Filter Include="Src\grfmts">
      <UniqueIdentifier>{BB6346BC-D4B7-487C-A0D8-7CB4A68DFFC1}</UniqueIdentifier>
    </Filter>
    <Filter Include="Source Files">
      <UniqueIdentifier>{1F0BB369-C3FD-4FA6-A920-195A54B47A59}</UniqueIdentifier>
    </Filter>
    <Filter Include="Header Files">
      <UniqueIdentifier>{6E21F360-A673-4A89-B3FF-3AD88F12A482}</UniqueIdentifier>
    </Filter>
    <Filter Include="Src">
      <UniqueIdentifier>{FD0FE800-61B3-4573-A785-A29A12B7CAAA}</UniqueIdentifier>
    </Filter>
    <Filter Include="Include">
      <UniqueIdentifier>{973203C1-C626-4ED9-A95D-7E7B953B86FC}</UniqueIdentifier>
    </Filter>
  </ItemGroup>
</Project>
