Microsoft Visual Studio Solution File, Format Version 12.00
# Visual Studio 14
VisualStudioVersion = 14.0.23107.0
MinimumVisualStudioVersion = 10.0.40219.1
Project("{8BC9CEB8-8B4A-11D0-8D11-00A0C91BC942}") = "ALL_BUILD", "ALL_BUILD.vcxproj", "{31D99836-6820-4124-BA86-74DC2A25BB9F}"
	ProjectSection(ProjectDependencies) = postProject
		{0D606615-95CC-4A59-A7D3-FF2096BBE5D2} = {0D606615-95CC-4A59-A7D3-FF2096BBE5D2}
		{021AB204-82B5-47CF-A037-27F966E87D29} = {021AB204-82B5-47CF-A037-27F966E87D29}
		{1654A6C9-064C-464E-A645-C2FC7593094A} = {1654A6C9-064C-464E-A645-C2FC7593094A}
		{27C04679-A186-4E37-A316-818C6257D03A} = {27C04679-A186-4E37-A316-818C6257D03A}
		{F1368B00-BD4F-4D58-982C-4935C5B59A84} = {F1368B00-BD4F-4D58-982C-4935C5B59A84}
		{64878E0D-73F0-4FA0-A53D-28515FDC1725} = {64878E0D-73F0-4FA0-A53D-28515FDC1725}
		{93B52C12-87C1-4729-A094-70679FF5C829} = {93B52C12-87C1-4729-A094-70679FF5C829}
		{C9796512-B6CA-4848-A358-832579B979CB} = {C9796512-B6CA-4848-A358-832579B979CB}
		{0FA5E489-987E-4C87-800A-5B5C830AD6F3} = {0FA5E489-987E-4C87-800A-5B5C830AD6F3}
		{749353FE-8DD3-474B-94C9-C9E1789B45E1} = {749353FE-8DD3-474B-94C9-C9E1789B45E1}
		{583B8928-1AD1-45C7-83E6-B9AFE0C9B7A2} = {583B8928-1AD1-45C7-83E6-B9AFE0C9B7A2}
		{579CEE7D-B0DD-4347-8821-4BF916E3C7F0} = {579CEE7D-B0DD-4347-8821-4BF916E3C7F0}
		{C2FD7747-4ABB-49AC-A379-DBA42DB20F59} = {C2FD7747-4ABB-49AC-A379-DBA42DB20F59}
		{8326B485-0070-4447-8767-0F05DBBBCFC9} = {8326B485-0070-4447-8767-0F05DBBBCFC9}
		{05DB17B6-0508-4C1F-9DBE-89484E014A99} = {05DB17B6-0508-4C1F-9DBE-89484E014A99}
		{0F4FAD23-4B22-45CB-8BAA-0575162D0A67} = {0F4FAD23-4B22-45CB-8BAA-0575162D0A67}
		{B1D839DF-6872-4222-8FBE-EA8E354EA9C1} = {B1D839DF-6872-4222-8FBE-EA8E354EA9C1}
		{37349F46-5BCD-4CCF-AB2C-6A4B9B76E26E} = {37349F46-5BCD-4CCF-AB2C-6A4B9B76E26E}
		{EF4C8136-449C-4F24-BDF6-51A315A1B0B8} = {EF4C8136-449C-4F24-BDF6-51A315A1B0B8}
		{2E15B6E9-575A-4F71-9063-764A1677FB60} = {2E15B6E9-575A-4F71-9063-764A1677FB60}
		{50948C3C-DC94-47F2-A4CD-F66FD3834924} = {50948C3C-DC94-47F2-A4CD-F66FD3834924}
		{3E3C8FD3-18A1-4A37-A02F-E342AC1750E1} = {3E3C8FD3-18A1-4A37-A02F-E342AC1750E1}
		{AB656B0F-2A94-403B-8647-5EED6E52527B} = {AB656B0F-2A94-403B-8647-5EED6E52527B}
		{D91778F2-1E8B-4AE2-8248-32FEC4F976BC} = {D91778F2-1E8B-4AE2-8248-32FEC4F976BC}
		{ABF8426B-54E9-48D5-AF8C-86C0C204BFF8} = {ABF8426B-54E9-48D5-AF8C-86C0C204BFF8}
		{42B7C690-086D-41D1-B512-B2E4EDC82B29} = {42B7C690-086D-41D1-B512-B2E4EDC82B29}
		{52BE82AA-75B0-432C-90DF-9587AEB7A60B} = {52BE82AA-75B0-432C-90DF-9587AEB7A60B}
		{25144FE3-3BEF-4913-990F-189BD9F4F699} = {25144FE3-3BEF-4913-990F-189BD9F4F699}
		{9A6C07E2-969B-4074-A6A2-338156628121} = {9A6C07E2-969B-4074-A6A2-338156628121}
	EndProjectSection
EndProject
Project("{8BC9CEB8-8B4A-11D0-8D11-00A0C91BC942}") = "INSTALL", "INSTALL.vcxproj", "{1CFBB79A-1B43-4EE1-A5DD-BBA7C223ADA5}"
	ProjectSection(ProjectDependencies) = postProject
		{31D99836-6820-4124-BA86-74DC2A25BB9F} = {31D99836-6820-4124-BA86-74DC2A25BB9F}
	EndProjectSection
EndProject
Project("{8BC9CEB8-8B4A-11D0-8D11-00A0C91BC942}") = "IlmImf", "3rdparty\openexr\IlmImf.vcxproj", "{0D606615-95CC-4A59-A7D3-FF2096BBE5D2}"
	ProjectSection(ProjectDependencies) = postProject
		{021AB204-82B5-47CF-A037-27F966E87D29} = {021AB204-82B5-47CF-A037-27F966E87D29}
		{9A6C07E2-969B-4074-A6A2-338156628121} = {9A6C07E2-969B-4074-A6A2-338156628121}
	EndProjectSection
EndProject
Project("{8BC9CEB8-8B4A-11D0-8D11-00A0C91BC942}") = "PACKAGE", "PACKAGE.vcxproj", "{353E6DDF-5F9A-4B28-98D9-BB7287754B90}"
	ProjectSection(ProjectDependencies) = postProject
		{31D99836-6820-4124-BA86-74DC2A25BB9F} = {31D99836-6820-4124-BA86-74DC2A25BB9F}
	EndProjectSection
EndProject
Project("{8BC9CEB8-8B4A-11D0-8D11-00A0C91BC942}") = "ZERO_CHECK", "ZERO_CHECK.vcxproj", "{021AB204-82B5-47CF-A037-27F966E87D29}"
EndProject
Project("{8BC9CEB8-8B4A-11D0-8D11-00A0C91BC942}") = "libjasper", "3rdparty\libjasper\libjasper.vcxproj", "{1654A6C9-064C-464E-A645-C2FC7593094A}"
	ProjectSection(ProjectDependencies) = postProject
		{021AB204-82B5-47CF-A037-27F966E87D29} = {021AB204-82B5-47CF-A037-27F966E87D29}
	EndProjectSection
EndProject
Project("{8BC9CEB8-8B4A-11D0-8D11-00A0C91BC942}") = "libjpeg", "3rdparty\libjpeg\libjpeg.vcxproj", "{27C04679-A186-4E37-A316-818C6257D03A}"
	ProjectSection(ProjectDependencies) = postProject
		{021AB204-82B5-47CF-A037-27F966E87D29} = {021AB204-82B5-47CF-A037-27F966E87D29}
	EndProjectSection
EndProject
Project("{8BC9CEB8-8B4A-11D0-8D11-00A0C91BC942}") = "libpng", "3rdparty\libpng\libpng.vcxproj", "{F1368B00-BD4F-4D58-982C-4935C5B59A84}"
	ProjectSection(ProjectDependencies) = postProject
		{021AB204-82B5-47CF-A037-27F966E87D29} = {021AB204-82B5-47CF-A037-27F966E87D29}
		{9A6C07E2-969B-4074-A6A2-338156628121} = {9A6C07E2-969B-4074-A6A2-338156628121}
	EndProjectSection
EndProject
Project("{8BC9CEB8-8B4A-11D0-8D11-00A0C91BC942}") = "libtiff", "3rdparty\libtiff\libtiff.vcxproj", "{64878E0D-73F0-4FA0-A53D-28515FDC1725}"
	ProjectSection(ProjectDependencies) = postProject
		{021AB204-82B5-47CF-A037-27F966E87D29} = {021AB204-82B5-47CF-A037-27F966E87D29}
		{9A6C07E2-969B-4074-A6A2-338156628121} = {9A6C07E2-969B-4074-A6A2-338156628121}
	EndProjectSection
EndProject
Project("{8BC9CEB8-8B4A-11D0-8D11-00A0C91BC942}") = "libwebp", "3rdparty\libwebp\libwebp.vcxproj", "{93B52C12-87C1-4729-A094-70679FF5C829}"
	ProjectSection(ProjectDependencies) = postProject
		{021AB204-82B5-47CF-A037-27F966E87D29} = {021AB204-82B5-47CF-A037-27F966E87D29}
	EndProjectSection
EndProject
Project("{8BC9CEB8-8B4A-11D0-8D11-00A0C91BC942}") = "opencv_annotation", "apps\annotation\opencv_annotation.vcxproj", "{C9796512-B6CA-4848-A358-832579B979CB}"
	ProjectSection(ProjectDependencies) = postProject
		{021AB204-82B5-47CF-A037-27F966E87D29} = {021AB204-82B5-47CF-A037-27F966E87D29}
		{749353FE-8DD3-474B-94C9-C9E1789B45E1} = {749353FE-8DD3-474B-94C9-C9E1789B45E1}
		{8326B485-0070-4447-8767-0F05DBBBCFC9} = {8326B485-0070-4447-8767-0F05DBBBCFC9}
		{05DB17B6-0508-4C1F-9DBE-89484E014A99} = {05DB17B6-0508-4C1F-9DBE-89484E014A99}
		{0F4FAD23-4B22-45CB-8BAA-0575162D0A67} = {0F4FAD23-4B22-45CB-8BAA-0575162D0A67}
		{B1D839DF-6872-4222-8FBE-EA8E354EA9C1} = {B1D839DF-6872-4222-8FBE-EA8E354EA9C1}
		{52BE82AA-75B0-432C-90DF-9587AEB7A60B} = {52BE82AA-75B0-432C-90DF-9587AEB7A60B}
	EndProjectSection
EndProject
Project("{8BC9CEB8-8B4A-11D0-8D11-00A0C91BC942}") = "opencv_calib3d", "modules\calib3d\opencv_calib3d.vcxproj", "{0FA5E489-987E-4C87-800A-5B5C830AD6F3}"
	ProjectSection(ProjectDependencies) = postProject
		{021AB204-82B5-47CF-A037-27F966E87D29} = {021AB204-82B5-47CF-A037-27F966E87D29}
		{749353FE-8DD3-474B-94C9-C9E1789B45E1} = {749353FE-8DD3-474B-94C9-C9E1789B45E1}
		{579CEE7D-B0DD-4347-8821-4BF916E3C7F0} = {579CEE7D-B0DD-4347-8821-4BF916E3C7F0}
		{C2FD7747-4ABB-49AC-A379-DBA42DB20F59} = {C2FD7747-4ABB-49AC-A379-DBA42DB20F59}
		{8326B485-0070-4447-8767-0F05DBBBCFC9} = {8326B485-0070-4447-8767-0F05DBBBCFC9}
		{05DB17B6-0508-4C1F-9DBE-89484E014A99} = {05DB17B6-0508-4C1F-9DBE-89484E014A99}
		{0F4FAD23-4B22-45CB-8BAA-0575162D0A67} = {0F4FAD23-4B22-45CB-8BAA-0575162D0A67}
		{B1D839DF-6872-4222-8FBE-EA8E354EA9C1} = {B1D839DF-6872-4222-8FBE-EA8E354EA9C1}
		{37349F46-5BCD-4CCF-AB2C-6A4B9B76E26E} = {37349F46-5BCD-4CCF-AB2C-6A4B9B76E26E}
		{52BE82AA-75B0-432C-90DF-9587AEB7A60B} = {52BE82AA-75B0-432C-90DF-9587AEB7A60B}
	EndProjectSection
EndProject
Project("{8BC9CEB8-8B4A-11D0-8D11-00A0C91BC942}") = "opencv_calib3d_object", "modules\calib3d\opencv_calib3d_object.vcxproj", "{16D2D051-2156-4899-B986-8744210E6BFC}"
	ProjectSection(ProjectDependencies) = postProject
		{021AB204-82B5-47CF-A037-27F966E87D29} = {021AB204-82B5-47CF-A037-27F966E87D29}
	EndProjectSection
EndProject
Project("{8BC9CEB8-8B4A-11D0-8D11-00A0C91BC942}") = "opencv_core", "modules\core\opencv_core.vcxproj", "{749353FE-8DD3-474B-94C9-C9E1789B45E1}"
	ProjectSection(ProjectDependencies) = postProject
		{021AB204-82B5-47CF-A037-27F966E87D29} = {021AB204-82B5-47CF-A037-27F966E87D29}
		{8326B485-0070-4447-8767-0F05DBBBCFC9} = {8326B485-0070-4447-8767-0F05DBBBCFC9}
		{9A6C07E2-969B-4074-A6A2-338156628121} = {9A6C07E2-969B-4074-A6A2-338156628121}
	EndProjectSection
EndProject
Project("{8BC9CEB8-8B4A-11D0-8D11-00A0C91BC942}") = "opencv_core_object", "modules\core\opencv_core_object.vcxproj", "{2527CE18-4B6E-4A97-8152-D63316220612}"
	ProjectSection(ProjectDependencies) = postProject
		{021AB204-82B5-47CF-A037-27F966E87D29} = {021AB204-82B5-47CF-A037-27F966E87D29}
	EndProjectSection
EndProject
Project("{8BC9CEB8-8B4A-11D0-8D11-00A0C91BC942}") = "opencv_createsamples", "apps\createsamples\opencv_createsamples.vcxproj", "{583B8928-1AD1-45C7-83E6-B9AFE0C9B7A2}"
	ProjectSection(ProjectDependencies) = postProject
		{021AB204-82B5-47CF-A037-27F966E87D29} = {021AB204-82B5-47CF-A037-27F966E87D29}
		{0FA5E489-987E-4C87-800A-5B5C830AD6F3} = {0FA5E489-987E-4C87-800A-5B5C830AD6F3}
		{749353FE-8DD3-474B-94C9-C9E1789B45E1} = {749353FE-8DD3-474B-94C9-C9E1789B45E1}
		{579CEE7D-B0DD-4347-8821-4BF916E3C7F0} = {579CEE7D-B0DD-4347-8821-4BF916E3C7F0}
		{C2FD7747-4ABB-49AC-A379-DBA42DB20F59} = {C2FD7747-4ABB-49AC-A379-DBA42DB20F59}
		{8326B485-0070-4447-8767-0F05DBBBCFC9} = {8326B485-0070-4447-8767-0F05DBBBCFC9}
		{05DB17B6-0508-4C1F-9DBE-89484E014A99} = {05DB17B6-0508-4C1F-9DBE-89484E014A99}
		{0F4FAD23-4B22-45CB-8BAA-0575162D0A67} = {0F4FAD23-4B22-45CB-8BAA-0575162D0A67}
		{B1D839DF-6872-4222-8FBE-EA8E354EA9C1} = {B1D839DF-6872-4222-8FBE-EA8E354EA9C1}
		{37349F46-5BCD-4CCF-AB2C-6A4B9B76E26E} = {37349F46-5BCD-4CCF-AB2C-6A4B9B76E26E}
		{EF4C8136-449C-4F24-BDF6-51A315A1B0B8} = {EF4C8136-449C-4F24-BDF6-51A315A1B0B8}
		{52BE82AA-75B0-432C-90DF-9587AEB7A60B} = {52BE82AA-75B0-432C-90DF-9587AEB7A60B}
	EndProjectSection
EndProject
Project("{8BC9CEB8-8B4A-11D0-8D11-00A0C91BC942}") = "opencv_features2d", "modules\features2d\opencv_features2d.vcxproj", "{579CEE7D-B0DD-4347-8821-4BF916E3C7F0}"
	ProjectSection(ProjectDependencies) = postProject
		{021AB204-82B5-47CF-A037-27F966E87D29} = {021AB204-82B5-47CF-A037-27F966E87D29}
		{749353FE-8DD3-474B-94C9-C9E1789B45E1} = {749353FE-8DD3-474B-94C9-C9E1789B45E1}
		{C2FD7747-4ABB-49AC-A379-DBA42DB20F59} = {C2FD7747-4ABB-49AC-A379-DBA42DB20F59}
		{8326B485-0070-4447-8767-0F05DBBBCFC9} = {8326B485-0070-4447-8767-0F05DBBBCFC9}
		{05DB17B6-0508-4C1F-9DBE-89484E014A99} = {05DB17B6-0508-4C1F-9DBE-89484E014A99}
		{0F4FAD23-4B22-45CB-8BAA-0575162D0A67} = {0F4FAD23-4B22-45CB-8BAA-0575162D0A67}
		{B1D839DF-6872-4222-8FBE-EA8E354EA9C1} = {B1D839DF-6872-4222-8FBE-EA8E354EA9C1}
		{37349F46-5BCD-4CCF-AB2C-6A4B9B76E26E} = {37349F46-5BCD-4CCF-AB2C-6A4B9B76E26E}
		{52BE82AA-75B0-432C-90DF-9587AEB7A60B} = {52BE82AA-75B0-432C-90DF-9587AEB7A60B}
	EndProjectSection
EndProject
Project("{8BC9CEB8-8B4A-11D0-8D11-00A0C91BC942}") = "opencv_features2d_object", "modules\features2d\opencv_features2d_object.vcxproj", "{1D8AD58C-68CB-4149-9130-482E8701D74B}"
	ProjectSection(ProjectDependencies) = postProject
		{021AB204-82B5-47CF-A037-27F966E87D29} = {021AB204-82B5-47CF-A037-27F966E87D29}
	EndProjectSection
EndProject
Project("{8BC9CEB8-8B4A-11D0-8D11-00A0C91BC942}") = "opencv_flann", "modules\flann\opencv_flann.vcxproj", "{C2FD7747-4ABB-49AC-A379-DBA42DB20F59}"
	ProjectSection(ProjectDependencies) = postProject
		{021AB204-82B5-47CF-A037-27F966E87D29} = {021AB204-82B5-47CF-A037-27F966E87D29}
		{749353FE-8DD3-474B-94C9-C9E1789B45E1} = {749353FE-8DD3-474B-94C9-C9E1789B45E1}
		{8326B485-0070-4447-8767-0F05DBBBCFC9} = {8326B485-0070-4447-8767-0F05DBBBCFC9}
	EndProjectSection
EndProject
Project("{8BC9CEB8-8B4A-11D0-8D11-00A0C91BC942}") = "opencv_flann_object", "modules\flann\opencv_flann_object.vcxproj", "{1AC969D0-65CC-4DB1-B223-BF6EF4AEE99C}"
	ProjectSection(ProjectDependencies) = postProject
		{021AB204-82B5-47CF-A037-27F966E87D29} = {021AB204-82B5-47CF-A037-27F966E87D29}
	EndProjectSection
EndProject
Project("{8BC9CEB8-8B4A-11D0-8D11-00A0C91BC942}") = "opencv_hal", "modules\hal\opencv_hal.vcxproj", "{8326B485-0070-4447-8767-0F05DBBBCFC9}"
	ProjectSection(ProjectDependencies) = postProject
		{021AB204-82B5-47CF-A037-27F966E87D29} = {021AB204-82B5-47CF-A037-27F966E87D29}
	EndProjectSection
EndProject
Project("{8BC9CEB8-8B4A-11D0-8D11-00A0C91BC942}") = "opencv_hal_object", "modules\hal\opencv_hal_object.vcxproj", "{B2683FB2-C388-4780-AC7F-741D568090E0}"
	ProjectSection(ProjectDependencies) = postProject
		{021AB204-82B5-47CF-A037-27F966E87D29} = {021AB204-82B5-47CF-A037-27F966E87D29}
	EndProjectSection
EndProject
Project("{8BC9CEB8-8B4A-11D0-8D11-00A0C91BC942}") = "opencv_highgui", "modules\highgui\opencv_highgui.vcxproj", "{05DB17B6-0508-4C1F-9DBE-89484E014A99}"
	ProjectSection(ProjectDependencies) = postProject
		{021AB204-82B5-47CF-A037-27F966E87D29} = {021AB204-82B5-47CF-A037-27F966E87D29}
		{749353FE-8DD3-474B-94C9-C9E1789B45E1} = {749353FE-8DD3-474B-94C9-C9E1789B45E1}
		{8326B485-0070-4447-8767-0F05DBBBCFC9} = {8326B485-0070-4447-8767-0F05DBBBCFC9}
		{0F4FAD23-4B22-45CB-8BAA-0575162D0A67} = {0F4FAD23-4B22-45CB-8BAA-0575162D0A67}
		{B1D839DF-6872-4222-8FBE-EA8E354EA9C1} = {B1D839DF-6872-4222-8FBE-EA8E354EA9C1}
		{52BE82AA-75B0-432C-90DF-9587AEB7A60B} = {52BE82AA-75B0-432C-90DF-9587AEB7A60B}
	EndProjectSection
EndProject
Project("{8BC9CEB8-8B4A-11D0-8D11-00A0C91BC942}") = "opencv_highgui_object", "modules\highgui\opencv_highgui_object.vcxproj", "{48535A0E-CED9-4647-9E55-4144130DAFC3}"
	ProjectSection(ProjectDependencies) = postProject
		{021AB204-82B5-47CF-A037-27F966E87D29} = {021AB204-82B5-47CF-A037-27F966E87D29}
	EndProjectSection
EndProject
Project("{8BC9CEB8-8B4A-11D0-8D11-00A0C91BC942}") = "opencv_imgcodecs", "modules\imgcodecs\opencv_imgcodecs.vcxproj", "{0F4FAD23-4B22-45CB-8BAA-0575162D0A67}"
	ProjectSection(ProjectDependencies) = postProject
		{0D606615-95CC-4A59-A7D3-FF2096BBE5D2} = {0D606615-95CC-4A59-A7D3-FF2096BBE5D2}
		{021AB204-82B5-47CF-A037-27F966E87D29} = {021AB204-82B5-47CF-A037-27F966E87D29}
		{1654A6C9-064C-464E-A645-C2FC7593094A} = {1654A6C9-064C-464E-A645-C2FC7593094A}
		{27C04679-A186-4E37-A316-818C6257D03A} = {27C04679-A186-4E37-A316-818C6257D03A}
		{F1368B00-BD4F-4D58-982C-4935C5B59A84} = {F1368B00-BD4F-4D58-982C-4935C5B59A84}
		{64878E0D-73F0-4FA0-A53D-28515FDC1725} = {64878E0D-73F0-4FA0-A53D-28515FDC1725}
		{93B52C12-87C1-4729-A094-70679FF5C829} = {93B52C12-87C1-4729-A094-70679FF5C829}
		{749353FE-8DD3-474B-94C9-C9E1789B45E1} = {749353FE-8DD3-474B-94C9-C9E1789B45E1}
		{8326B485-0070-4447-8767-0F05DBBBCFC9} = {8326B485-0070-4447-8767-0F05DBBBCFC9}
		{B1D839DF-6872-4222-8FBE-EA8E354EA9C1} = {B1D839DF-6872-4222-8FBE-EA8E354EA9C1}
		{9A6C07E2-969B-4074-A6A2-338156628121} = {9A6C07E2-969B-4074-A6A2-338156628121}
	EndProjectSection
EndProject
Project("{8BC9CEB8-8B4A-11D0-8D11-00A0C91BC942}") = "opencv_imgcodecs_object", "modules\imgcodecs\opencv_imgcodecs_object.vcxproj", "{E447A72F-7DE7-4D91-BA6D-F4F23CC4D503}"
	ProjectSection(ProjectDependencies) = postProject
		{021AB204-82B5-47CF-A037-27F966E87D29} = {021AB204-82B5-47CF-A037-27F966E87D29}
	EndProjectSection
EndProject
Project("{8BC9CEB8-8B4A-11D0-8D11-00A0C91BC942}") = "opencv_imgproc", "modules\imgproc\opencv_imgproc.vcxproj", "{B1D839DF-6872-4222-8FBE-EA8E354EA9C1}"
	ProjectSection(ProjectDependencies) = postProject
		{021AB204-82B5-47CF-A037-27F966E87D29} = {021AB204-82B5-47CF-A037-27F966E87D29}
		{749353FE-8DD3-474B-94C9-C9E1789B45E1} = {749353FE-8DD3-474B-94C9-C9E1789B45E1}
		{8326B485-0070-4447-8767-0F05DBBBCFC9} = {8326B485-0070-4447-8767-0F05DBBBCFC9}
	EndProjectSection
EndProject
Project("{8BC9CEB8-8B4A-11D0-8D11-00A0C91BC942}") = "opencv_imgproc_object", "modules\imgproc\opencv_imgproc_object.vcxproj", "{490439F1-7306-49F1-AF78-2460D0891609}"
	ProjectSection(ProjectDependencies) = postProject
		{021AB204-82B5-47CF-A037-27F966E87D29} = {021AB204-82B5-47CF-A037-27F966E87D29}
	EndProjectSection
EndProject
Project("{8BC9CEB8-8B4A-11D0-8D11-00A0C91BC942}") = "opencv_ml", "modules\ml\opencv_ml.vcxproj", "{37349F46-5BCD-4CCF-AB2C-6A4B9B76E26E}"
	ProjectSection(ProjectDependencies) = postProject
		{021AB204-82B5-47CF-A037-27F966E87D29} = {021AB204-82B5-47CF-A037-27F966E87D29}
		{749353FE-8DD3-474B-94C9-C9E1789B45E1} = {749353FE-8DD3-474B-94C9-C9E1789B45E1}
		{8326B485-0070-4447-8767-0F05DBBBCFC9} = {8326B485-0070-4447-8767-0F05DBBBCFC9}
	EndProjectSection
EndProject
Project("{8BC9CEB8-8B4A-11D0-8D11-00A0C91BC942}") = "opencv_ml_object", "modules\ml\opencv_ml_object.vcxproj", "{E26A4CC8-B3B3-456C-8755-809317EEDB6F}"
	ProjectSection(ProjectDependencies) = postProject
		{021AB204-82B5-47CF-A037-27F966E87D29} = {021AB204-82B5-47CF-A037-27F966E87D29}
	EndProjectSection
EndProject
Project("{8BC9CEB8-8B4A-11D0-8D11-00A0C91BC942}") = "opencv_modules", "opencv_modules.vcxproj", "{CBF7EBA5-50CB-4E9D-8059-703753478227}"
	ProjectSection(ProjectDependencies) = postProject
		{021AB204-82B5-47CF-A037-27F966E87D29} = {021AB204-82B5-47CF-A037-27F966E87D29}
		{0FA5E489-987E-4C87-800A-5B5C830AD6F3} = {0FA5E489-987E-4C87-800A-5B5C830AD6F3}
		{749353FE-8DD3-474B-94C9-C9E1789B45E1} = {749353FE-8DD3-474B-94C9-C9E1789B45E1}
		{579CEE7D-B0DD-4347-8821-4BF916E3C7F0} = {579CEE7D-B0DD-4347-8821-4BF916E3C7F0}
		{C2FD7747-4ABB-49AC-A379-DBA42DB20F59} = {C2FD7747-4ABB-49AC-A379-DBA42DB20F59}
		{8326B485-0070-4447-8767-0F05DBBBCFC9} = {8326B485-0070-4447-8767-0F05DBBBCFC9}
		{05DB17B6-0508-4C1F-9DBE-89484E014A99} = {05DB17B6-0508-4C1F-9DBE-89484E014A99}
		{0F4FAD23-4B22-45CB-8BAA-0575162D0A67} = {0F4FAD23-4B22-45CB-8BAA-0575162D0A67}
		{B1D839DF-6872-4222-8FBE-EA8E354EA9C1} = {B1D839DF-6872-4222-8FBE-EA8E354EA9C1}
		{37349F46-5BCD-4CCF-AB2C-6A4B9B76E26E} = {37349F46-5BCD-4CCF-AB2C-6A4B9B76E26E}
		{EF4C8136-449C-4F24-BDF6-51A315A1B0B8} = {EF4C8136-449C-4F24-BDF6-51A315A1B0B8}
		{2E15B6E9-575A-4F71-9063-764A1677FB60} = {2E15B6E9-575A-4F71-9063-764A1677FB60}
		{50948C3C-DC94-47F2-A4CD-F66FD3834924} = {50948C3C-DC94-47F2-A4CD-F66FD3834924}
		{3E3C8FD3-18A1-4A37-A02F-E342AC1750E1} = {3E3C8FD3-18A1-4A37-A02F-E342AC1750E1}
		{AB656B0F-2A94-403B-8647-5EED6E52527B} = {AB656B0F-2A94-403B-8647-5EED6E52527B}
		{ABF8426B-54E9-48D5-AF8C-86C0C204BFF8} = {ABF8426B-54E9-48D5-AF8C-86C0C204BFF8}
		{42B7C690-086D-41D1-B512-B2E4EDC82B29} = {42B7C690-086D-41D1-B512-B2E4EDC82B29}
		{52BE82AA-75B0-432C-90DF-9587AEB7A60B} = {52BE82AA-75B0-432C-90DF-9587AEB7A60B}
		{25144FE3-3BEF-4913-990F-189BD9F4F699} = {25144FE3-3BEF-4913-990F-189BD9F4F699}
	EndProjectSection
EndProject
Project("{8BC9CEB8-8B4A-11D0-8D11-00A0C91BC942}") = "opencv_objdetect", "modules\objdetect\opencv_objdetect.vcxproj", "{EF4C8136-449C-4F24-BDF6-51A315A1B0B8}"
	ProjectSection(ProjectDependencies) = postProject
		{021AB204-82B5-47CF-A037-27F966E87D29} = {021AB204-82B5-47CF-A037-27F966E87D29}
		{749353FE-8DD3-474B-94C9-C9E1789B45E1} = {749353FE-8DD3-474B-94C9-C9E1789B45E1}
		{8326B485-0070-4447-8767-0F05DBBBCFC9} = {8326B485-0070-4447-8767-0F05DBBBCFC9}
		{05DB17B6-0508-4C1F-9DBE-89484E014A99} = {05DB17B6-0508-4C1F-9DBE-89484E014A99}
		{0F4FAD23-4B22-45CB-8BAA-0575162D0A67} = {0F4FAD23-4B22-45CB-8BAA-0575162D0A67}
		{B1D839DF-6872-4222-8FBE-EA8E354EA9C1} = {B1D839DF-6872-4222-8FBE-EA8E354EA9C1}
		{37349F46-5BCD-4CCF-AB2C-6A4B9B76E26E} = {37349F46-5BCD-4CCF-AB2C-6A4B9B76E26E}
		{52BE82AA-75B0-432C-90DF-9587AEB7A60B} = {52BE82AA-75B0-432C-90DF-9587AEB7A60B}
	EndProjectSection
EndProject
Project("{8BC9CEB8-8B4A-11D0-8D11-00A0C91BC942}") = "opencv_objdetect_object", "modules\objdetect\opencv_objdetect_object.vcxproj", "{8D739F81-5960-4083-9E30-C77B48C668CA}"
	ProjectSection(ProjectDependencies) = postProject
		{021AB204-82B5-47CF-A037-27F966E87D29} = {021AB204-82B5-47CF-A037-27F966E87D29}
	EndProjectSection
EndProject
Project("{8BC9CEB8-8B4A-11D0-8D11-00A0C91BC942}") = "opencv_perf_tests", "opencv_perf_tests.vcxproj", "{1B0EFFE5-7F54-43A4-914F-51BAB539C5B4}"
	ProjectSection(ProjectDependencies) = postProject
		{021AB204-82B5-47CF-A037-27F966E87D29} = {021AB204-82B5-47CF-A037-27F966E87D29}
	EndProjectSection
EndProject
Project("{8BC9CEB8-8B4A-11D0-8D11-00A0C91BC942}") = "opencv_photo", "modules\photo\opencv_photo.vcxproj", "{2E15B6E9-575A-4F71-9063-764A1677FB60}"
	ProjectSection(ProjectDependencies) = postProject
		{021AB204-82B5-47CF-A037-27F966E87D29} = {021AB204-82B5-47CF-A037-27F966E87D29}
		{749353FE-8DD3-474B-94C9-C9E1789B45E1} = {749353FE-8DD3-474B-94C9-C9E1789B45E1}
		{8326B485-0070-4447-8767-0F05DBBBCFC9} = {8326B485-0070-4447-8767-0F05DBBBCFC9}
		{B1D839DF-6872-4222-8FBE-EA8E354EA9C1} = {B1D839DF-6872-4222-8FBE-EA8E354EA9C1}
	EndProjectSection
EndProject
Project("{8BC9CEB8-8B4A-11D0-8D11-00A0C91BC942}") = "opencv_photo_object", "modules\photo\opencv_photo_object.vcxproj", "{AA2CB98A-7E73-474A-AF64-85E69D06E68E}"
	ProjectSection(ProjectDependencies) = postProject
		{021AB204-82B5-47CF-A037-27F966E87D29} = {021AB204-82B5-47CF-A037-27F966E87D29}
	EndProjectSection
EndProject
Project("{8BC9CEB8-8B4A-11D0-8D11-00A0C91BC942}") = "opencv_shape", "modules\shape\opencv_shape.vcxproj", "{50948C3C-DC94-47F2-A4CD-F66FD3834924}"
	ProjectSection(ProjectDependencies) = postProject
		{021AB204-82B5-47CF-A037-27F966E87D29} = {021AB204-82B5-47CF-A037-27F966E87D29}
		{749353FE-8DD3-474B-94C9-C9E1789B45E1} = {749353FE-8DD3-474B-94C9-C9E1789B45E1}
		{8326B485-0070-4447-8767-0F05DBBBCFC9} = {8326B485-0070-4447-8767-0F05DBBBCFC9}
		{B1D839DF-6872-4222-8FBE-EA8E354EA9C1} = {B1D839DF-6872-4222-8FBE-EA8E354EA9C1}
		{42B7C690-086D-41D1-B512-B2E4EDC82B29} = {42B7C690-086D-41D1-B512-B2E4EDC82B29}
	EndProjectSection
EndProject
Project("{8BC9CEB8-8B4A-11D0-8D11-00A0C91BC942}") = "opencv_shape_object", "modules\shape\opencv_shape_object.vcxproj", "{2442FE40-343E-4101-B83B-C6B400188437}"
	ProjectSection(ProjectDependencies) = postProject
		{021AB204-82B5-47CF-A037-27F966E87D29} = {021AB204-82B5-47CF-A037-27F966E87D29}
	EndProjectSection
EndProject
Project("{8BC9CEB8-8B4A-11D0-8D11-00A0C91BC942}") = "opencv_stitching", "modules\stitching\opencv_stitching.vcxproj", "{3E3C8FD3-18A1-4A37-A02F-E342AC1750E1}"
	ProjectSection(ProjectDependencies) = postProject
		{021AB204-82B5-47CF-A037-27F966E87D29} = {021AB204-82B5-47CF-A037-27F966E87D29}
		{0FA5E489-987E-4C87-800A-5B5C830AD6F3} = {0FA5E489-987E-4C87-800A-5B5C830AD6F3}
		{749353FE-8DD3-474B-94C9-C9E1789B45E1} = {749353FE-8DD3-474B-94C9-C9E1789B45E1}
		{579CEE7D-B0DD-4347-8821-4BF916E3C7F0} = {579CEE7D-B0DD-4347-8821-4BF916E3C7F0}
		{C2FD7747-4ABB-49AC-A379-DBA42DB20F59} = {C2FD7747-4ABB-49AC-A379-DBA42DB20F59}
		{8326B485-0070-4447-8767-0F05DBBBCFC9} = {8326B485-0070-4447-8767-0F05DBBBCFC9}
		{05DB17B6-0508-4C1F-9DBE-89484E014A99} = {05DB17B6-0508-4C1F-9DBE-89484E014A99}
		{0F4FAD23-4B22-45CB-8BAA-0575162D0A67} = {0F4FAD23-4B22-45CB-8BAA-0575162D0A67}
		{B1D839DF-6872-4222-8FBE-EA8E354EA9C1} = {B1D839DF-6872-4222-8FBE-EA8E354EA9C1}
		{37349F46-5BCD-4CCF-AB2C-6A4B9B76E26E} = {37349F46-5BCD-4CCF-AB2C-6A4B9B76E26E}
		{EF4C8136-449C-4F24-BDF6-51A315A1B0B8} = {EF4C8136-449C-4F24-BDF6-51A315A1B0B8}
		{52BE82AA-75B0-432C-90DF-9587AEB7A60B} = {52BE82AA-75B0-432C-90DF-9587AEB7A60B}
	EndProjectSection
EndProject
Project("{8BC9CEB8-8B4A-11D0-8D11-00A0C91BC942}") = "opencv_stitching_object", "modules\stitching\opencv_stitching_object.vcxproj", "{CFBCC381-4DE3-4B63-9701-8CB373EA767F}"
	ProjectSection(ProjectDependencies) = postProject
		{021AB204-82B5-47CF-A037-27F966E87D29} = {021AB204-82B5-47CF-A037-27F966E87D29}
	EndProjectSection
EndProject
Project("{8BC9CEB8-8B4A-11D0-8D11-00A0C91BC942}") = "opencv_superres", "modules\superres\opencv_superres.vcxproj", "{AB656B0F-2A94-403B-8647-5EED6E52527B}"
	ProjectSection(ProjectDependencies) = postProject
		{021AB204-82B5-47CF-A037-27F966E87D29} = {021AB204-82B5-47CF-A037-27F966E87D29}
		{749353FE-8DD3-474B-94C9-C9E1789B45E1} = {749353FE-8DD3-474B-94C9-C9E1789B45E1}
		{8326B485-0070-4447-8767-0F05DBBBCFC9} = {8326B485-0070-4447-8767-0F05DBBBCFC9}
		{0F4FAD23-4B22-45CB-8BAA-0575162D0A67} = {0F4FAD23-4B22-45CB-8BAA-0575162D0A67}
		{B1D839DF-6872-4222-8FBE-EA8E354EA9C1} = {B1D839DF-6872-4222-8FBE-EA8E354EA9C1}
		{42B7C690-086D-41D1-B512-B2E4EDC82B29} = {42B7C690-086D-41D1-B512-B2E4EDC82B29}
		{52BE82AA-75B0-432C-90DF-9587AEB7A60B} = {52BE82AA-75B0-432C-90DF-9587AEB7A60B}
	EndProjectSection
EndProject
Project("{8BC9CEB8-8B4A-11D0-8D11-00A0C91BC942}") = "opencv_superres_object", "modules\superres\opencv_superres_object.vcxproj", "{E273BC98-A6E1-47E3-88F2-C4C317E75281}"
	ProjectSection(ProjectDependencies) = postProject
		{021AB204-82B5-47CF-A037-27F966E87D29} = {021AB204-82B5-47CF-A037-27F966E87D29}
	EndProjectSection
EndProject
Project("{8BC9CEB8-8B4A-11D0-8D11-00A0C91BC942}") = "opencv_tests", "opencv_tests.vcxproj", "{732D3C2B-4C25-4EB4-A6CC-C6624D24D9D4}"
	ProjectSection(ProjectDependencies) = postProject
		{021AB204-82B5-47CF-A037-27F966E87D29} = {021AB204-82B5-47CF-A037-27F966E87D29}
	EndProjectSection
EndProject
Project("{8BC9CEB8-8B4A-11D0-8D11-00A0C91BC942}") = "opencv_traincascade", "apps\traincascade\opencv_traincascade.vcxproj", "{D91778F2-1E8B-4AE2-8248-32FEC4F976BC}"
	ProjectSection(ProjectDependencies) = postProject
		{021AB204-82B5-47CF-A037-27F966E87D29} = {021AB204-82B5-47CF-A037-27F966E87D29}
		{0FA5E489-987E-4C87-800A-5B5C830AD6F3} = {0FA5E489-987E-4C87-800A-5B5C830AD6F3}
		{749353FE-8DD3-474B-94C9-C9E1789B45E1} = {749353FE-8DD3-474B-94C9-C9E1789B45E1}
		{579CEE7D-B0DD-4347-8821-4BF916E3C7F0} = {579CEE7D-B0DD-4347-8821-4BF916E3C7F0}
		{C2FD7747-4ABB-49AC-A379-DBA42DB20F59} = {C2FD7747-4ABB-49AC-A379-DBA42DB20F59}
		{8326B485-0070-4447-8767-0F05DBBBCFC9} = {8326B485-0070-4447-8767-0F05DBBBCFC9}
		{05DB17B6-0508-4C1F-9DBE-89484E014A99} = {05DB17B6-0508-4C1F-9DBE-89484E014A99}
		{0F4FAD23-4B22-45CB-8BAA-0575162D0A67} = {0F4FAD23-4B22-45CB-8BAA-0575162D0A67}
		{B1D839DF-6872-4222-8FBE-EA8E354EA9C1} = {B1D839DF-6872-4222-8FBE-EA8E354EA9C1}
		{37349F46-5BCD-4CCF-AB2C-6A4B9B76E26E} = {37349F46-5BCD-4CCF-AB2C-6A4B9B76E26E}
		{EF4C8136-449C-4F24-BDF6-51A315A1B0B8} = {EF4C8136-449C-4F24-BDF6-51A315A1B0B8}
		{52BE82AA-75B0-432C-90DF-9587AEB7A60B} = {52BE82AA-75B0-432C-90DF-9587AEB7A60B}
	EndProjectSection
EndProject
Project("{8BC9CEB8-8B4A-11D0-8D11-00A0C91BC942}") = "opencv_ts", "modules\ts\opencv_ts.vcxproj", "{ABF8426B-54E9-48D5-AF8C-86C0C204BFF8}"
	ProjectSection(ProjectDependencies) = postProject
		{021AB204-82B5-47CF-A037-27F966E87D29} = {021AB204-82B5-47CF-A037-27F966E87D29}
		{749353FE-8DD3-474B-94C9-C9E1789B45E1} = {749353FE-8DD3-474B-94C9-C9E1789B45E1}
		{8326B485-0070-4447-8767-0F05DBBBCFC9} = {8326B485-0070-4447-8767-0F05DBBBCFC9}
		{05DB17B6-0508-4C1F-9DBE-89484E014A99} = {05DB17B6-0508-4C1F-9DBE-89484E014A99}
		{0F4FAD23-4B22-45CB-8BAA-0575162D0A67} = {0F4FAD23-4B22-45CB-8BAA-0575162D0A67}
		{B1D839DF-6872-4222-8FBE-EA8E354EA9C1} = {B1D839DF-6872-4222-8FBE-EA8E354EA9C1}
		{52BE82AA-75B0-432C-90DF-9587AEB7A60B} = {52BE82AA-75B0-432C-90DF-9587AEB7A60B}
	EndProjectSection
EndProject
Project("{8BC9CEB8-8B4A-11D0-8D11-00A0C91BC942}") = "opencv_video", "modules\video\opencv_video.vcxproj", "{42B7C690-086D-41D1-B512-B2E4EDC82B29}"
	ProjectSection(ProjectDependencies) = postProject
		{021AB204-82B5-47CF-A037-27F966E87D29} = {021AB204-82B5-47CF-A037-27F966E87D29}
		{749353FE-8DD3-474B-94C9-C9E1789B45E1} = {749353FE-8DD3-474B-94C9-C9E1789B45E1}
		{8326B485-0070-4447-8767-0F05DBBBCFC9} = {8326B485-0070-4447-8767-0F05DBBBCFC9}
		{B1D839DF-6872-4222-8FBE-EA8E354EA9C1} = {B1D839DF-6872-4222-8FBE-EA8E354EA9C1}
	EndProjectSection
EndProject
Project("{8BC9CEB8-8B4A-11D0-8D11-00A0C91BC942}") = "opencv_video_object", "modules\video\opencv_video_object.vcxproj", "{E10E93A7-5426-4BF6-B18C-85916C832A84}"
	ProjectSection(ProjectDependencies) = postProject
		{021AB204-82B5-47CF-A037-27F966E87D29} = {021AB204-82B5-47CF-A037-27F966E87D29}
	EndProjectSection
EndProject
Project("{8BC9CEB8-8B4A-11D0-8D11-00A0C91BC942}") = "opencv_videoio", "modules\videoio\opencv_videoio.vcxproj", "{52BE82AA-75B0-432C-90DF-9587AEB7A60B}"
	ProjectSection(ProjectDependencies) = postProject
		{021AB204-82B5-47CF-A037-27F966E87D29} = {021AB204-82B5-47CF-A037-27F966E87D29}
		{749353FE-8DD3-474B-94C9-C9E1789B45E1} = {749353FE-8DD3-474B-94C9-C9E1789B45E1}
		{8326B485-0070-4447-8767-0F05DBBBCFC9} = {8326B485-0070-4447-8767-0F05DBBBCFC9}
		{0F4FAD23-4B22-45CB-8BAA-0575162D0A67} = {0F4FAD23-4B22-45CB-8BAA-0575162D0A67}
		{B1D839DF-6872-4222-8FBE-EA8E354EA9C1} = {B1D839DF-6872-4222-8FBE-EA8E354EA9C1}
	EndProjectSection
EndProject
Project("{8BC9CEB8-8B4A-11D0-8D11-00A0C91BC942}") = "opencv_videoio_object", "modules\videoio\opencv_videoio_object.vcxproj", "{3103139E-2CF5-4EDA-9462-C8FCE8BA9BED}"
	ProjectSection(ProjectDependencies) = postProject
		{021AB204-82B5-47CF-A037-27F966E87D29} = {021AB204-82B5-47CF-A037-27F966E87D29}
	EndProjectSection
EndProject
Project("{8BC9CEB8-8B4A-11D0-8D11-00A0C91BC942}") = "opencv_videostab", "modules\videostab\opencv_videostab.vcxproj", "{25144FE3-3BEF-4913-990F-189BD9F4F699}"
	ProjectSection(ProjectDependencies) = postProject
		{021AB204-82B5-47CF-A037-27F966E87D29} = {021AB204-82B5-47CF-A037-27F966E87D29}
		{0FA5E489-987E-4C87-800A-5B5C830AD6F3} = {0FA5E489-987E-4C87-800A-5B5C830AD6F3}
		{749353FE-8DD3-474B-94C9-C9E1789B45E1} = {749353FE-8DD3-474B-94C9-C9E1789B45E1}
		{579CEE7D-B0DD-4347-8821-4BF916E3C7F0} = {579CEE7D-B0DD-4347-8821-4BF916E3C7F0}
		{C2FD7747-4ABB-49AC-A379-DBA42DB20F59} = {C2FD7747-4ABB-49AC-A379-DBA42DB20F59}
		{8326B485-0070-4447-8767-0F05DBBBCFC9} = {8326B485-0070-4447-8767-0F05DBBBCFC9}
		{05DB17B6-0508-4C1F-9DBE-89484E014A99} = {05DB17B6-0508-4C1F-9DBE-89484E014A99}
		{0F4FAD23-4B22-45CB-8BAA-0575162D0A67} = {0F4FAD23-4B22-45CB-8BAA-0575162D0A67}
		{B1D839DF-6872-4222-8FBE-EA8E354EA9C1} = {B1D839DF-6872-4222-8FBE-EA8E354EA9C1}
		{37349F46-5BCD-4CCF-AB2C-6A4B9B76E26E} = {37349F46-5BCD-4CCF-AB2C-6A4B9B76E26E}
		{2E15B6E9-575A-4F71-9063-764A1677FB60} = {2E15B6E9-575A-4F71-9063-764A1677FB60}
		{42B7C690-086D-41D1-B512-B2E4EDC82B29} = {42B7C690-086D-41D1-B512-B2E4EDC82B29}
		{52BE82AA-75B0-432C-90DF-9587AEB7A60B} = {52BE82AA-75B0-432C-90DF-9587AEB7A60B}
	EndProjectSection
EndProject
Project("{8BC9CEB8-8B4A-11D0-8D11-00A0C91BC942}") = "opencv_videostab_object", "modules\videostab\opencv_videostab_object.vcxproj", "{E04E79CE-8E3C-47A0-986F-048713A2B413}"
	ProjectSection(ProjectDependencies) = postProject
		{021AB204-82B5-47CF-A037-27F966E87D29} = {021AB204-82B5-47CF-A037-27F966E87D29}
	EndProjectSection
EndProject
Project("{8BC9CEB8-8B4A-11D0-8D11-00A0C91BC942}") = "uninstall", "uninstall.vcxproj", "{8C57DBA2-BDE3-4B9C-A4A4-BAB743D76448}"
	ProjectSection(ProjectDependencies) = postProject
		{021AB204-82B5-47CF-A037-27F966E87D29} = {021AB204-82B5-47CF-A037-27F966E87D29}
	EndProjectSection
EndProject
Project("{8BC9CEB8-8B4A-11D0-8D11-00A0C91BC942}") = "zlib", "3rdparty\zlib\zlib.vcxproj", "{9A6C07E2-969B-4074-A6A2-338156628121}"
	ProjectSection(ProjectDependencies) = postProject
		{021AB204-82B5-47CF-A037-27F966E87D29} = {021AB204-82B5-47CF-A037-27F966E87D29}
	EndProjectSection
EndProject
Project("{2150E333-8FDC-42A3-9474-1A3956D46DE8}") = "3rdparty", "3rdparty", "{4D879E14-A22A-4B6B-AF2F-2BF9D51CFED9}"
EndProject
Project("{2150E333-8FDC-42A3-9474-1A3956D46DE8}") = "CMakeTargets", "CMakeTargets", "{DFC892B1-81BE-4C44-9E2D-CAA434287203}"
EndProject
Project("{2150E333-8FDC-42A3-9474-1A3956D46DE8}") = "applications", "applications", "{FFE7CA95-0F78-431C-A34D-E532EEF1A62E}"
EndProject
Project("{2150E333-8FDC-42A3-9474-1A3956D46DE8}") = "extra", "extra", "{A65A9E42-9B98-4CE3-AD6D-D02EE88C2EFB}"
EndProject
Project("{2150E333-8FDC-42A3-9474-1A3956D46DE8}") = "modules", "modules", "{70BAD95A-67C6-43B0-846D-8A981277E3A6}"
EndProject
Project("{2150E333-8FDC-42A3-9474-1A3956D46DE8}") = "object_libraries", "object_libraries", "{465A3C0F-81B8-4B76-95FE-6B0132ACB798}"
EndProject
Global
	GlobalSection(SolutionConfigurationPlatforms) = preSolution
		Debug|x64 = Debug|x64
		Release|x64 = Release|x64
	EndGlobalSection
	GlobalSection(ProjectConfigurationPlatforms) = postSolution
		{31D99836-6820-4124-BA86-74DC2A25BB9F}.Debug|x64.ActiveCfg = Debug|x64
		{31D99836-6820-4124-BA86-74DC2A25BB9F}.Debug|x64.Build.0 = Debug|x64
		{31D99836-6820-4124-BA86-74DC2A25BB9F}.Release|x64.ActiveCfg = Release|x64
		{31D99836-6820-4124-BA86-74DC2A25BB9F}.Release|x64.Build.0 = Release|x64
		{1CFBB79A-1B43-4EE1-A5DD-BBA7C223ADA5}.Debug|x64.ActiveCfg = Debug|x64
		{1CFBB79A-1B43-4EE1-A5DD-BBA7C223ADA5}.Release|x64.ActiveCfg = Release|x64
		{0D606615-95CC-4A59-A7D3-FF2096BBE5D2}.Debug|x64.ActiveCfg = Debug|x64
		{0D606615-95CC-4A59-A7D3-FF2096BBE5D2}.Debug|x64.Build.0 = Debug|x64
		{0D606615-95CC-4A59-A7D3-FF2096BBE5D2}.Release|x64.ActiveCfg = Release|x64
		{0D606615-95CC-4A59-A7D3-FF2096BBE5D2}.Release|x64.Build.0 = Release|x64
		{353E6DDF-5F9A-4B28-98D9-BB7287754B90}.Debug|x64.ActiveCfg = Debug|x64
		{353E6DDF-5F9A-4B28-98D9-BB7287754B90}.Release|x64.ActiveCfg = Release|x64
		{021AB204-82B5-47CF-A037-27F966E87D29}.Debug|x64.ActiveCfg = Debug|x64
		{021AB204-82B5-47CF-A037-27F966E87D29}.Debug|x64.Build.0 = Debug|x64
		{021AB204-82B5-47CF-A037-27F966E87D29}.Release|x64.ActiveCfg = Release|x64
		{021AB204-82B5-47CF-A037-27F966E87D29}.Release|x64.Build.0 = Release|x64
		{1654A6C9-064C-464E-A645-C2FC7593094A}.Debug|x64.ActiveCfg = Debug|x64
		{1654A6C9-064C-464E-A645-C2FC7593094A}.Debug|x64.Build.0 = Debug|x64
		{1654A6C9-064C-464E-A645-C2FC7593094A}.Release|x64.ActiveCfg = Release|x64
		{1654A6C9-064C-464E-A645-C2FC7593094A}.Release|x64.Build.0 = Release|x64
		{27C04679-A186-4E37-A316-818C6257D03A}.Debug|x64.ActiveCfg = Debug|x64
		{27C04679-A186-4E37-A316-818C6257D03A}.Debug|x64.Build.0 = Debug|x64
		{27C04679-A186-4E37-A316-818C6257D03A}.Release|x64.ActiveCfg = Release|x64
		{27C04679-A186-4E37-A316-818C6257D03A}.Release|x64.Build.0 = Release|x64
		{F1368B00-BD4F-4D58-982C-4935C5B59A84}.Debug|x64.ActiveCfg = Debug|x64
		{F1368B00-BD4F-4D58-982C-4935C5B59A84}.Debug|x64.Build.0 = Debug|x64
		{F1368B00-BD4F-4D58-982C-4935C5B59A84}.Release|x64.ActiveCfg = Release|x64
		{F1368B00-BD4F-4D58-982C-4935C5B59A84}.Release|x64.Build.0 = Release|x64
		{64878E0D-73F0-4FA0-A53D-28515FDC1725}.Debug|x64.ActiveCfg = Debug|x64
		{64878E0D-73F0-4FA0-A53D-28515FDC1725}.Debug|x64.Build.0 = Debug|x64
		{64878E0D-73F0-4FA0-A53D-28515FDC1725}.Release|x64.ActiveCfg = Release|x64
		{64878E0D-73F0-4FA0-A53D-28515FDC1725}.Release|x64.Build.0 = Release|x64
		{93B52C12-87C1-4729-A094-70679FF5C829}.Debug|x64.ActiveCfg = Debug|x64
		{93B52C12-87C1-4729-A094-70679FF5C829}.Debug|x64.Build.0 = Debug|x64
		{93B52C12-87C1-4729-A094-70679FF5C829}.Release|x64.ActiveCfg = Release|x64
		{93B52C12-87C1-4729-A094-70679FF5C829}.Release|x64.Build.0 = Release|x64
		{C9796512-B6CA-4848-A358-832579B979CB}.Debug|x64.ActiveCfg = Debug|x64
		{C9796512-B6CA-4848-A358-832579B979CB}.Debug|x64.Build.0 = Debug|x64
		{C9796512-B6CA-4848-A358-832579B979CB}.Release|x64.ActiveCfg = Release|x64
		{C9796512-B6CA-4848-A358-832579B979CB}.Release|x64.Build.0 = Release|x64
		{0FA5E489-987E-4C87-800A-5B5C830AD6F3}.Debug|x64.ActiveCfg = Debug|x64
		{0FA5E489-987E-4C87-800A-5B5C830AD6F3}.Debug|x64.Build.0 = Debug|x64
		{0FA5E489-987E-4C87-800A-5B5C830AD6F3}.Release|x64.ActiveCfg = Release|x64
		{0FA5E489-987E-4C87-800A-5B5C830AD6F3}.Release|x64.Build.0 = Release|x64
		{16D2D051-2156-4899-B986-8744210E6BFC}.Debug|x64.ActiveCfg = Debug|x64
		{16D2D051-2156-4899-B986-8744210E6BFC}.Release|x64.ActiveCfg = Release|x64
		{749353FE-8DD3-474B-94C9-C9E1789B45E1}.Debug|x64.ActiveCfg = Debug|x64
		{749353FE-8DD3-474B-94C9-C9E1789B45E1}.Debug|x64.Build.0 = Debug|x64
		{749353FE-8DD3-474B-94C9-C9E1789B45E1}.Release|x64.ActiveCfg = Release|x64
		{749353FE-8DD3-474B-94C9-C9E1789B45E1}.Release|x64.Build.0 = Release|x64
		{2527CE18-4B6E-4A97-8152-D63316220612}.Debug|x64.ActiveCfg = Debug|x64
		{2527CE18-4B6E-4A97-8152-D63316220612}.Release|x64.ActiveCfg = Release|x64
		{583B8928-1AD1-45C7-83E6-B9AFE0C9B7A2}.Debug|x64.ActiveCfg = Debug|x64
		{583B8928-1AD1-45C7-83E6-B9AFE0C9B7A2}.Debug|x64.Build.0 = Debug|x64
		{583B8928-1AD1-45C7-83E6-B9AFE0C9B7A2}.Release|x64.ActiveCfg = Release|x64
		{583B8928-1AD1-45C7-83E6-B9AFE0C9B7A2}.Release|x64.Build.0 = Release|x64
		{579CEE7D-B0DD-4347-8821-4BF916E3C7F0}.Debug|x64.ActiveCfg = Debug|x64
		{579CEE7D-B0DD-4347-8821-4BF916E3C7F0}.Debug|x64.Build.0 = Debug|x64
		{579CEE7D-B0DD-4347-8821-4BF916E3C7F0}.Release|x64.ActiveCfg = Release|x64
		{579CEE7D-B0DD-4347-8821-4BF916E3C7F0}.Release|x64.Build.0 = Release|x64
		{1D8AD58C-68CB-4149-9130-482E8701D74B}.Debug|x64.ActiveCfg = Debug|x64
		{1D8AD58C-68CB-4149-9130-482E8701D74B}.Release|x64.ActiveCfg = Release|x64
		{C2FD7747-4ABB-49AC-A379-DBA42DB20F59}.Debug|x64.ActiveCfg = Debug|x64
		{C2FD7747-4ABB-49AC-A379-DBA42DB20F59}.Debug|x64.Build.0 = Debug|x64
		{C2FD7747-4ABB-49AC-A379-DBA42DB20F59}.Release|x64.ActiveCfg = Release|x64
		{C2FD7747-4ABB-49AC-A379-DBA42DB20F59}.Release|x64.Build.0 = Release|x64
		{1AC969D0-65CC-4DB1-B223-BF6EF4AEE99C}.Debug|x64.ActiveCfg = Debug|x64
		{1AC969D0-65CC-4DB1-B223-BF6EF4AEE99C}.Release|x64.ActiveCfg = Release|x64
		{8326B485-0070-4447-8767-0F05DBBBCFC9}.Debug|x64.ActiveCfg = Debug|x64
		{8326B485-0070-4447-8767-0F05DBBBCFC9}.Debug|x64.Build.0 = Debug|x64
		{8326B485-0070-4447-8767-0F05DBBBCFC9}.Release|x64.ActiveCfg = Release|x64
		{8326B485-0070-4447-8767-0F05DBBBCFC9}.Release|x64.Build.0 = Release|x64
		{B2683FB2-C388-4780-AC7F-741D568090E0}.Debug|x64.ActiveCfg = Debug|x64
		{B2683FB2-C388-4780-AC7F-741D568090E0}.Release|x64.ActiveCfg = Release|x64
		{05DB17B6-0508-4C1F-9DBE-89484E014A99}.Debug|x64.ActiveCfg = Debug|x64
		{05DB17B6-0508-4C1F-9DBE-89484E014A99}.Debug|x64.Build.0 = Debug|x64
		{05DB17B6-0508-4C1F-9DBE-89484E014A99}.Release|x64.ActiveCfg = Release|x64
		{05DB17B6-0508-4C1F-9DBE-89484E014A99}.Release|x64.Build.0 = Release|x64
		{48535A0E-CED9-4647-9E55-4144130DAFC3}.Debug|x64.ActiveCfg = Debug|x64
		{48535A0E-CED9-4647-9E55-4144130DAFC3}.Release|x64.ActiveCfg = Release|x64
		{0F4FAD23-4B22-45CB-8BAA-0575162D0A67}.Debug|x64.ActiveCfg = Debug|x64
		{0F4FAD23-4B22-45CB-8BAA-0575162D0A67}.Debug|x64.Build.0 = Debug|x64
		{0F4FAD23-4B22-45CB-8BAA-0575162D0A67}.Release|x64.ActiveCfg = Release|x64
		{0F4FAD23-4B22-45CB-8BAA-0575162D0A67}.Release|x64.Build.0 = Release|x64
		{E447A72F-7DE7-4D91-BA6D-F4F23CC4D503}.Debug|x64.ActiveCfg = Debug|x64
		{E447A72F-7DE7-4D91-BA6D-F4F23CC4D503}.Release|x64.ActiveCfg = Release|x64
		{B1D839DF-6872-4222-8FBE-EA8E354EA9C1}.Debug|x64.ActiveCfg = Debug|x64
		{B1D839DF-6872-4222-8FBE-EA8E354EA9C1}.Debug|x64.Build.0 = Debug|x64
		{B1D839DF-6872-4222-8FBE-EA8E354EA9C1}.Release|x64.ActiveCfg = Release|x64
		{B1D839DF-6872-4222-8FBE-EA8E354EA9C1}.Release|x64.Build.0 = Release|x64
		{490439F1-7306-49F1-AF78-2460D0891609}.Debug|x64.ActiveCfg = Debug|x64
		{490439F1-7306-49F1-AF78-2460D0891609}.Release|x64.ActiveCfg = Release|x64
		{37349F46-5BCD-4CCF-AB2C-6A4B9B76E26E}.Debug|x64.ActiveCfg = Debug|x64
		{37349F46-5BCD-4CCF-AB2C-6A4B9B76E26E}.Debug|x64.Build.0 = Debug|x64
		{37349F46-5BCD-4CCF-AB2C-6A4B9B76E26E}.Release|x64.ActiveCfg = Release|x64
		{37349F46-5BCD-4CCF-AB2C-6A4B9B76E26E}.Release|x64.Build.0 = Release|x64
		{E26A4CC8-B3B3-456C-8755-809317EEDB6F}.Debug|x64.ActiveCfg = Debug|x64
		{E26A4CC8-B3B3-456C-8755-809317EEDB6F}.Release|x64.ActiveCfg = Release|x64
		{CBF7EBA5-50CB-4E9D-8059-703753478227}.Debug|x64.ActiveCfg = Debug|x64
		{CBF7EBA5-50CB-4E9D-8059-703753478227}.Release|x64.ActiveCfg = Release|x64
		{EF4C8136-449C-4F24-BDF6-51A315A1B0B8}.Debug|x64.ActiveCfg = Debug|x64
		{EF4C8136-449C-4F24-BDF6-51A315A1B0B8}.Debug|x64.Build.0 = Debug|x64
		{EF4C8136-449C-4F24-BDF6-51A315A1B0B8}.Release|x64.ActiveCfg = Release|x64
		{EF4C8136-449C-4F24-BDF6-51A315A1B0B8}.Release|x64.Build.0 = Release|x64
		{8D739F81-5960-4083-9E30-C77B48C668CA}.Debug|x64.ActiveCfg = Debug|x64
		{8D739F81-5960-4083-9E30-C77B48C668CA}.Release|x64.ActiveCfg = Release|x64
		{1B0EFFE5-7F54-43A4-914F-51BAB539C5B4}.Debug|x64.ActiveCfg = Debug|x64
		{1B0EFFE5-7F54-43A4-914F-51BAB539C5B4}.Release|x64.ActiveCfg = Release|x64
		{2E15B6E9-575A-4F71-9063-764A1677FB60}.Debug|x64.ActiveCfg = Debug|x64
		{2E15B6E9-575A-4F71-9063-764A1677FB60}.Debug|x64.Build.0 = Debug|x64
		{2E15B6E9-575A-4F71-9063-764A1677FB60}.Release|x64.ActiveCfg = Release|x64
		{2E15B6E9-575A-4F71-9063-764A1677FB60}.Release|x64.Build.0 = Release|x64
		{AA2CB98A-7E73-474A-AF64-85E69D06E68E}.Debug|x64.ActiveCfg = Debug|x64
		{AA2CB98A-7E73-474A-AF64-85E69D06E68E}.Release|x64.ActiveCfg = Release|x64
		{50948C3C-DC94-47F2-A4CD-F66FD3834924}.Debug|x64.ActiveCfg = Debug|x64
		{50948C3C-DC94-47F2-A4CD-F66FD3834924}.Debug|x64.Build.0 = Debug|x64
		{50948C3C-DC94-47F2-A4CD-F66FD3834924}.Release|x64.ActiveCfg = Release|x64
		{50948C3C-DC94-47F2-A4CD-F66FD3834924}.Release|x64.Build.0 = Release|x64
		{2442FE40-343E-4101-B83B-C6B400188437}.Debug|x64.ActiveCfg = Debug|x64
		{2442FE40-343E-4101-B83B-C6B400188437}.Release|x64.ActiveCfg = Release|x64
		{3E3C8FD3-18A1-4A37-A02F-E342AC1750E1}.Debug|x64.ActiveCfg = Debug|x64
		{3E3C8FD3-18A1-4A37-A02F-E342AC1750E1}.Debug|x64.Build.0 = Debug|x64
		{3E3C8FD3-18A1-4A37-A02F-E342AC1750E1}.Release|x64.ActiveCfg = Release|x64
		{3E3C8FD3-18A1-4A37-A02F-E342AC1750E1}.Release|x64.Build.0 = Release|x64
		{CFBCC381-4DE3-4B63-9701-8CB373EA767F}.Debug|x64.ActiveCfg = Debug|x64
		{CFBCC381-4DE3-4B63-9701-8CB373EA767F}.Release|x64.ActiveCfg = Release|x64
		{AB656B0F-2A94-403B-8647-5EED6E52527B}.Debug|x64.ActiveCfg = Debug|x64
		{AB656B0F-2A94-403B-8647-5EED6E52527B}.Debug|x64.Build.0 = Debug|x64
		{AB656B0F-2A94-403B-8647-5EED6E52527B}.Release|x64.ActiveCfg = Release|x64
		{AB656B0F-2A94-403B-8647-5EED6E52527B}.Release|x64.Build.0 = Release|x64
		{E273BC98-A6E1-47E3-88F2-C4C317E75281}.Debug|x64.ActiveCfg = Debug|x64
		{E273BC98-A6E1-47E3-88F2-C4C317E75281}.Release|x64.ActiveCfg = Release|x64
		{732D3C2B-4C25-4EB4-A6CC-C6624D24D9D4}.Debug|x64.ActiveCfg = Debug|x64
		{732D3C2B-4C25-4EB4-A6CC-C6624D24D9D4}.Release|x64.ActiveCfg = Release|x64
		{D91778F2-1E8B-4AE2-8248-32FEC4F976BC}.Debug|x64.ActiveCfg = Debug|x64
		{D91778F2-1E8B-4AE2-8248-32FEC4F976BC}.Debug|x64.Build.0 = Debug|x64
		{D91778F2-1E8B-4AE2-8248-32FEC4F976BC}.Release|x64.ActiveCfg = Release|x64
		{D91778F2-1E8B-4AE2-8248-32FEC4F976BC}.Release|x64.Build.0 = Release|x64
		{ABF8426B-54E9-48D5-AF8C-86C0C204BFF8}.Debug|x64.ActiveCfg = Debug|x64
		{ABF8426B-54E9-48D5-AF8C-86C0C204BFF8}.Debug|x64.Build.0 = Debug|x64
		{ABF8426B-54E9-48D5-AF8C-86C0C204BFF8}.Release|x64.ActiveCfg = Release|x64
		{ABF8426B-54E9-48D5-AF8C-86C0C204BFF8}.Release|x64.Build.0 = Release|x64
		{42B7C690-086D-41D1-B512-B2E4EDC82B29}.Debug|x64.ActiveCfg = Debug|x64
		{42B7C690-086D-41D1-B512-B2E4EDC82B29}.Debug|x64.Build.0 = Debug|x64
		{42B7C690-086D-41D1-B512-B2E4EDC82B29}.Release|x64.ActiveCfg = Release|x64
		{42B7C690-086D-41D1-B512-B2E4EDC82B29}.Release|x64.Build.0 = Release|x64
		{E10E93A7-5426-4BF6-B18C-85916C832A84}.Debug|x64.ActiveCfg = Debug|x64
		{E10E93A7-5426-4BF6-B18C-85916C832A84}.Release|x64.ActiveCfg = Release|x64
		{52BE82AA-75B0-432C-90DF-9587AEB7A60B}.Debug|x64.ActiveCfg = Debug|x64
		{52BE82AA-75B0-432C-90DF-9587AEB7A60B}.Debug|x64.Build.0 = Debug|x64
		{52BE82AA-75B0-432C-90DF-9587AEB7A60B}.Release|x64.ActiveCfg = Release|x64
		{52BE82AA-75B0-432C-90DF-9587AEB7A60B}.Release|x64.Build.0 = Release|x64
		{3103139E-2CF5-4EDA-9462-C8FCE8BA9BED}.Debug|x64.ActiveCfg = Debug|x64
		{3103139E-2CF5-4EDA-9462-C8FCE8BA9BED}.Release|x64.ActiveCfg = Release|x64
		{25144FE3-3BEF-4913-990F-189BD9F4F699}.Debug|x64.ActiveCfg = Debug|x64
		{25144FE3-3BEF-4913-990F-189BD9F4F699}.Debug|x64.Build.0 = Debug|x64
		{25144FE3-3BEF-4913-990F-189BD9F4F699}.Release|x64.ActiveCfg = Release|x64
		{25144FE3-3BEF-4913-990F-189BD9F4F699}.Release|x64.Build.0 = Release|x64
		{E04E79CE-8E3C-47A0-986F-048713A2B413}.Debug|x64.ActiveCfg = Debug|x64
		{E04E79CE-8E3C-47A0-986F-048713A2B413}.Release|x64.ActiveCfg = Release|x64
		{8C57DBA2-BDE3-4B9C-A4A4-BAB743D76448}.Debug|x64.ActiveCfg = Debug|x64
		{8C57DBA2-BDE3-4B9C-A4A4-BAB743D76448}.Release|x64.ActiveCfg = Release|x64
		{9A6C07E2-969B-4074-A6A2-338156628121}.Debug|x64.ActiveCfg = Debug|x64
		{9A6C07E2-969B-4074-A6A2-338156628121}.Debug|x64.Build.0 = Debug|x64
		{9A6C07E2-969B-4074-A6A2-338156628121}.Release|x64.ActiveCfg = Release|x64
		{9A6C07E2-969B-4074-A6A2-338156628121}.Release|x64.Build.0 = Release|x64
	EndGlobalSection
	GlobalSection(SolutionProperties) = preSolution
		HideSolutionNode = FALSE
	EndGlobalSection
	GlobalSection(NestedProjects) = preSolution
		{1CFBB79A-1B43-4EE1-A5DD-BBA7C223ADA5} = {DFC892B1-81BE-4C44-9E2D-CAA434287203}
		{0D606615-95CC-4A59-A7D3-FF2096BBE5D2} = {4D879E14-A22A-4B6B-AF2F-2BF9D51CFED9}
		{353E6DDF-5F9A-4B28-98D9-BB7287754B90} = {DFC892B1-81BE-4C44-9E2D-CAA434287203}
		{021AB204-82B5-47CF-A037-27F966E87D29} = {DFC892B1-81BE-4C44-9E2D-CAA434287203}
		{1654A6C9-064C-464E-A645-C2FC7593094A} = {4D879E14-A22A-4B6B-AF2F-2BF9D51CFED9}
		{27C04679-A186-4E37-A316-818C6257D03A} = {4D879E14-A22A-4B6B-AF2F-2BF9D51CFED9}
		{F1368B00-BD4F-4D58-982C-4935C5B59A84} = {4D879E14-A22A-4B6B-AF2F-2BF9D51CFED9}
		{64878E0D-73F0-4FA0-A53D-28515FDC1725} = {4D879E14-A22A-4B6B-AF2F-2BF9D51CFED9}
		{93B52C12-87C1-4729-A094-70679FF5C829} = {4D879E14-A22A-4B6B-AF2F-2BF9D51CFED9}
		{C9796512-B6CA-4848-A358-832579B979CB} = {FFE7CA95-0F78-431C-A34D-E532EEF1A62E}
		{0FA5E489-987E-4C87-800A-5B5C830AD6F3} = {70BAD95A-67C6-43B0-846D-8A981277E3A6}
		{16D2D051-2156-4899-B986-8744210E6BFC} = {465A3C0F-81B8-4B76-95FE-6B0132ACB798}
		{749353FE-8DD3-474B-94C9-C9E1789B45E1} = {70BAD95A-67C6-43B0-846D-8A981277E3A6}
		{2527CE18-4B6E-4A97-8152-D63316220612} = {465A3C0F-81B8-4B76-95FE-6B0132ACB798}
		{583B8928-1AD1-45C7-83E6-B9AFE0C9B7A2} = {FFE7CA95-0F78-431C-A34D-E532EEF1A62E}
		{579CEE7D-B0DD-4347-8821-4BF916E3C7F0} = {70BAD95A-67C6-43B0-846D-8A981277E3A6}
		{1D8AD58C-68CB-4149-9130-482E8701D74B} = {465A3C0F-81B8-4B76-95FE-6B0132ACB798}
		{C2FD7747-4ABB-49AC-A379-DBA42DB20F59} = {70BAD95A-67C6-43B0-846D-8A981277E3A6}
		{1AC969D0-65CC-4DB1-B223-BF6EF4AEE99C} = {465A3C0F-81B8-4B76-95FE-6B0132ACB798}
		{8326B485-0070-4447-8767-0F05DBBBCFC9} = {70BAD95A-67C6-43B0-846D-8A981277E3A6}
		{B2683FB2-C388-4780-AC7F-741D568090E0} = {465A3C0F-81B8-4B76-95FE-6B0132ACB798}
		{05DB17B6-0508-4C1F-9DBE-89484E014A99} = {70BAD95A-67C6-43B0-846D-8A981277E3A6}
		{48535A0E-CED9-4647-9E55-4144130DAFC3} = {465A3C0F-81B8-4B76-95FE-6B0132ACB798}
		{0F4FAD23-4B22-45CB-8BAA-0575162D0A67} = {70BAD95A-67C6-43B0-846D-8A981277E3A6}
		{E447A72F-7DE7-4D91-BA6D-F4F23CC4D503} = {465A3C0F-81B8-4B76-95FE-6B0132ACB798}
		{B1D839DF-6872-4222-8FBE-EA8E354EA9C1} = {70BAD95A-67C6-43B0-846D-8A981277E3A6}
		{490439F1-7306-49F1-AF78-2460D0891609} = {465A3C0F-81B8-4B76-95FE-6B0132ACB798}
		{37349F46-5BCD-4CCF-AB2C-6A4B9B76E26E} = {70BAD95A-67C6-43B0-846D-8A981277E3A6}
		{E26A4CC8-B3B3-456C-8755-809317EEDB6F} = {465A3C0F-81B8-4B76-95FE-6B0132ACB798}
		{CBF7EBA5-50CB-4E9D-8059-703753478227} = {A65A9E42-9B98-4CE3-AD6D-D02EE88C2EFB}
		{EF4C8136-449C-4F24-BDF6-51A315A1B0B8} = {70BAD95A-67C6-43B0-846D-8A981277E3A6}
		{8D739F81-5960-4083-9E30-C77B48C668CA} = {465A3C0F-81B8-4B76-95FE-6B0132ACB798}
		{1B0EFFE5-7F54-43A4-914F-51BAB539C5B4} = {A65A9E42-9B98-4CE3-AD6D-D02EE88C2EFB}
		{2E15B6E9-575A-4F71-9063-764A1677FB60} = {70BAD95A-67C6-43B0-846D-8A981277E3A6}
		{AA2CB98A-7E73-474A-AF64-85E69D06E68E} = {465A3C0F-81B8-4B76-95FE-6B0132ACB798}
		{50948C3C-DC94-47F2-A4CD-F66FD3834924} = {70BAD95A-67C6-43B0-846D-8A981277E3A6}
		{2442FE40-343E-4101-B83B-C6B400188437} = {465A3C0F-81B8-4B76-95FE-6B0132ACB798}
		{3E3C8FD3-18A1-4A37-A02F-E342AC1750E1} = {70BAD95A-67C6-43B0-846D-8A981277E3A6}
		{CFBCC381-4DE3-4B63-9701-8CB373EA767F} = {465A3C0F-81B8-4B76-95FE-6B0132ACB798}
		{AB656B0F-2A94-403B-8647-5EED6E52527B} = {70BAD95A-67C6-43B0-846D-8A981277E3A6}
		{E273BC98-A6E1-47E3-88F2-C4C317E75281} = {465A3C0F-81B8-4B76-95FE-6B0132ACB798}
		{732D3C2B-4C25-4EB4-A6CC-C6624D24D9D4} = {A65A9E42-9B98-4CE3-AD6D-D02EE88C2EFB}
		{D91778F2-1E8B-4AE2-8248-32FEC4F976BC} = {FFE7CA95-0F78-431C-A34D-E532EEF1A62E}
		{ABF8426B-54E9-48D5-AF8C-86C0C204BFF8} = {70BAD95A-67C6-43B0-846D-8A981277E3A6}
		{42B7C690-086D-41D1-B512-B2E4EDC82B29} = {70BAD95A-67C6-43B0-846D-8A981277E3A6}
		{E10E93A7-5426-4BF6-B18C-85916C832A84} = {465A3C0F-81B8-4B76-95FE-6B0132ACB798}
		{52BE82AA-75B0-432C-90DF-9587AEB7A60B} = {70BAD95A-67C6-43B0-846D-8A981277E3A6}
		{3103139E-2CF5-4EDA-9462-C8FCE8BA9BED} = {465A3C0F-81B8-4B76-95FE-6B0132ACB798}
		{25144FE3-3BEF-4913-990F-189BD9F4F699} = {70BAD95A-67C6-43B0-846D-8A981277E3A6}
		{E04E79CE-8E3C-47A0-986F-048713A2B413} = {465A3C0F-81B8-4B76-95FE-6B0132ACB798}
		{8C57DBA2-BDE3-4B9C-A4A4-BAB743D76448} = {DFC892B1-81BE-4C44-9E2D-CAA434287203}
		{9A6C07E2-969B-4074-A6A2-338156628121} = {4D879E14-A22A-4B6B-AF2F-2BF9D51CFED9}
	EndGlobalSection
EndGlobal
