<?xml version="1.0" encoding="UTF-8"?>
<Project ToolsVersion="14.0" xmlns="http://schemas.microsoft.com/developer/msbuild/2003">
  <ItemGroup>
    <ClCompile Include="C:\repos\opencv\sources\modules\core\test\ocl\test_arithm.cpp">
      <Filter>Src\ocl</Filter>
    </ClCompile>
    <ClCompile Include="C:\repos\opencv\sources\modules\core\test\ocl\test_channels.cpp">
      <Filter>Src\ocl</Filter>
    </ClCompile>
    <ClCompile Include="C:\repos\opencv\sources\modules\core\test\ocl\test_dft.cpp">
      <Filter>Src\ocl</Filter>
    </ClCompile>
    <ClCompile Include="C:\repos\opencv\sources\modules\core\test\ocl\test_gemm.cpp">
      <Filter>Src\ocl</Filter>
    </ClCompile>
    <ClCompile Include="C:\repos\opencv\sources\modules\core\test\ocl\test_image2d.cpp">
      <Filter>Src\ocl</Filter>
    </ClCompile>
    <ClCompile Include="C:\repos\opencv\sources\modules\core\test\ocl\test_matrix_expr.cpp">
      <Filter>Src\ocl</Filter>
    </ClCompile>
    <ClCompile Include="C:\repos\opencv\sources\modules\core\test\ocl\test_matrix_operation.cpp">
      <Filter>Src\ocl</Filter>
    </ClCompile>
    <ClCompile Include="C:\repos\opencv\sources\modules\core\test\test_arithm.cpp">
      <Filter>Src</Filter>
    </ClCompile>
    <ClCompile Include="C:\repos\opencv\sources\modules\core\test\test_concatenation.cpp">
      <Filter>Src</Filter>
    </ClCompile>
    <ClCompile Include="C:\repos\opencv\sources\modules\core\test\test_conjugate_gradient.cpp">
      <Filter>Src</Filter>
    </ClCompile>
    <ClCompile Include="C:\repos\opencv\sources\modules\core\test\test_countnonzero.cpp">
      <Filter>Src</Filter>
    </ClCompile>
    <ClCompile Include="C:\repos\opencv\sources\modules\core\test\test_downhill_simplex.cpp">
      <Filter>Src</Filter>
    </ClCompile>
    <ClCompile Include="C:\repos\opencv\sources\modules\core\test\test_ds.cpp">
      <Filter>Src</Filter>
    </ClCompile>
    <ClCompile Include="C:\repos\opencv\sources\modules\core\test\test_dxt.cpp">
      <Filter>Src</Filter>
    </ClCompile>
    <ClCompile Include="C:\repos\opencv\sources\modules\core\test\test_eigen.cpp">
      <Filter>Src</Filter>
    </ClCompile>
    <ClCompile Include="C:\repos\opencv\sources\modules\core\test\test_hal_core.cpp">
      <Filter>Src</Filter>
    </ClCompile>
    <ClCompile Include="C:\repos\opencv\sources\modules\core\test\test_io.cpp">
      <Filter>Src</Filter>
    </ClCompile>
    <ClCompile Include="C:\repos\opencv\sources\modules\core\test\test_ippasync.cpp">
      <Filter>Src</Filter>
    </ClCompile>
    <ClCompile Include="C:\repos\opencv\sources\modules\core\test\test_lpsolver.cpp">
      <Filter>Src</Filter>
    </ClCompile>
    <ClCompile Include="C:\repos\opencv\sources\modules\core\test\test_main.cpp">
      <Filter>Src</Filter>
    </ClCompile>
    <ClCompile Include="C:\repos\opencv\sources\modules\core\test\test_mat.cpp">
      <Filter>Src</Filter>
    </ClCompile>
    <ClCompile Include="C:\repos\opencv\sources\modules\core\test\test_math.cpp">
      <Filter>Src</Filter>
    </ClCompile>
    <ClCompile Include="C:\repos\opencv\sources\modules\core\test\test_misc.cpp">
      <Filter>Src</Filter>
    </ClCompile>
    <ClCompile Include="C:\repos\opencv\sources\modules\core\test\test_operations.cpp">
      <Filter>Src</Filter>
    </ClCompile>
    <ClCompile Include="C:\repos\opencv\sources\modules\core\test\test_ptr.cpp">
      <Filter>Src</Filter>
    </ClCompile>
    <ClCompile Include="C:\repos\opencv\sources\modules\core\test\test_rand.cpp">
      <Filter>Src</Filter>
    </ClCompile>
    <ClCompile Include="C:\repos\opencv\sources\modules\core\test\test_rotatedrect.cpp">
      <Filter>Src</Filter>
    </ClCompile>
    <ClCompile Include="C:\repos\opencv\sources\modules\core\test\test_umat.cpp">
      <Filter>Src</Filter>
    </ClCompile>
    <ClCompile Include="opencv_test_core_pch.cpp">
      <Filter>Source Files</Filter>
    </ClCompile>
  </ItemGroup>
  <ItemGroup>
    <ClInclude Include="C:\repos\opencv\sources\modules\core\test\test_precomp.hpp">
      <Filter>Include</Filter>
    </ClInclude>
  </ItemGroup>
  <ItemGroup>
    <CustomBuild Include="C:\repos\opencv\sources\modules\core\CMakeLists.txt" />
  </ItemGroup>
  <ItemGroup>
    <Filter Include="Source Files">
      <UniqueIdentifier>{1F0BB369-C3FD-4FA6-A920-195A54B47A59}</UniqueIdentifier>
    </Filter>
    <Filter Include="Src">
      <UniqueIdentifier>{FD0FE800-61B3-4573-A785-A29A12B7CAAA}</UniqueIdentifier>
    </Filter>
    <Filter Include="Include">
      <UniqueIdentifier>{973203C1-C626-4ED9-A95D-7E7B953B86FC}</UniqueIdentifier>
    </Filter>
    <Filter Include="Src\ocl">
      <UniqueIdentifier>{F54DB8C4-62DF-46F4-93EF-2CAFFBCCED4D}</UniqueIdentifier>
    </Filter>
  </ItemGroup>
</Project>
