<?xml version="1.0" encoding="UTF-8"?>
<Project ToolsVersion="14.0" xmlns="http://schemas.microsoft.com/developer/msbuild/2003">
  <ItemGroup>
    <ClCompile Include="C:\repos\opencv\sources\modules\stitching\src\autocalib.cpp">
      <Filter>Src</Filter>
    </ClCompile>
    <ClCompile Include="C:\repos\opencv\sources\modules\stitching\src\blenders.cpp">
      <Filter>Src</Filter>
    </ClCompile>
    <ClCompile Include="C:\repos\opencv\sources\modules\stitching\src\camera.cpp">
      <Filter>Src</Filter>
    </ClCompile>
    <ClCompile Include="C:\repos\opencv\sources\modules\stitching\src\exposure_compensate.cpp">
      <Filter>Src</Filter>
    </ClCompile>
    <ClCompile Include="C:\repos\opencv\sources\modules\stitching\src\matchers.cpp">
      <Filter>Src</Filter>
    </ClCompile>
    <ClCompile Include="C:\repos\opencv\sources\modules\stitching\src\motion_estimators.cpp">
      <Filter>Src</Filter>
    </ClCompile>
    <ClCompile Include="C:\repos\opencv\sources\modules\stitching\src\seam_finders.cpp">
      <Filter>Src</Filter>
    </ClCompile>
    <ClCompile Include="C:\repos\opencv\sources\modules\stitching\src\stitcher.cpp">
      <Filter>Src</Filter>
    </ClCompile>
    <ClCompile Include="C:\repos\opencv\sources\modules\stitching\src\timelapsers.cpp">
      <Filter>Src</Filter>
    </ClCompile>
    <ClCompile Include="C:\repos\opencv\sources\modules\stitching\src\util.cpp">
      <Filter>Src</Filter>
    </ClCompile>
    <ClCompile Include="C:\repos\opencv\sources\modules\stitching\src\warpers.cpp">
      <Filter>Src</Filter>
    </ClCompile>
    <ClCompile Include="C:\repos\opencv\sources\modules\stitching\src\warpers_cuda.cpp">
      <Filter>Src</Filter>
    </ClCompile>
    <ClCompile Include="opencl_kernels_stitching.cpp">
      <Filter>Src\opencl\kernels\autogenerated</Filter>
    </ClCompile>
    <ClCompile Include="opencv_stitching_pch.cpp">
      <Filter>Source Files</Filter>
    </ClCompile>
  </ItemGroup>
  <ItemGroup>
    <ClInclude Include="C:\repos\opencv\sources\modules\stitching\include\opencv2\stitching.hpp">
      <Filter>Include\opencv2</Filter>
    </ClInclude>
    <ClInclude Include="C:\repos\opencv\sources\modules\stitching\include\opencv2\stitching\warpers.hpp">
      <Filter>Include\opencv2\stitching</Filter>
    </ClInclude>
    <ClInclude Include="C:\repos\opencv\sources\modules\stitching\include\opencv2\stitching\detail\autocalib.hpp">
      <Filter>Include\opencv2\stitching\detail</Filter>
    </ClInclude>
    <ClInclude Include="C:\repos\opencv\sources\modules\stitching\include\opencv2\stitching\detail\blenders.hpp">
      <Filter>Include\opencv2\stitching\detail</Filter>
    </ClInclude>
    <ClInclude Include="C:\repos\opencv\sources\modules\stitching\include\opencv2\stitching\detail\camera.hpp">
      <Filter>Include\opencv2\stitching\detail</Filter>
    </ClInclude>
    <ClInclude Include="C:\repos\opencv\sources\modules\stitching\include\opencv2\stitching\detail\exposure_compensate.hpp">
      <Filter>Include\opencv2\stitching\detail</Filter>
    </ClInclude>
    <ClInclude Include="C:\repos\opencv\sources\modules\stitching\include\opencv2\stitching\detail\matchers.hpp">
      <Filter>Include\opencv2\stitching\detail</Filter>
    </ClInclude>
    <ClInclude Include="C:\repos\opencv\sources\modules\stitching\include\opencv2\stitching\detail\motion_estimators.hpp">
      <Filter>Include\opencv2\stitching\detail</Filter>
    </ClInclude>
    <ClInclude Include="C:\repos\opencv\sources\modules\stitching\include\opencv2\stitching\detail\seam_finders.hpp">
      <Filter>Include\opencv2\stitching\detail</Filter>
    </ClInclude>
    <ClInclude Include="C:\repos\opencv\sources\modules\stitching\include\opencv2\stitching\detail\timelapsers.hpp">
      <Filter>Include\opencv2\stitching\detail</Filter>
    </ClInclude>
    <ClInclude Include="C:\repos\opencv\sources\modules\stitching\include\opencv2\stitching\detail\util.hpp">
      <Filter>Include\opencv2\stitching\detail</Filter>
    </ClInclude>
    <ClInclude Include="C:\repos\opencv\sources\modules\stitching\include\opencv2\stitching\detail\util_inl.hpp">
      <Filter>Include\opencv2\stitching\detail</Filter>
    </ClInclude>
    <ClInclude Include="C:\repos\opencv\sources\modules\stitching\include\opencv2\stitching\detail\warpers.hpp">
      <Filter>Include\opencv2\stitching\detail</Filter>
    </ClInclude>
    <ClInclude Include="C:\repos\opencv\sources\modules\stitching\include\opencv2\stitching\detail\warpers_inl.hpp">
      <Filter>Include\opencv2\stitching\detail</Filter>
    </ClInclude>
    <ClInclude Include="opencl_kernels_stitching.hpp">
      <Filter>Src\opencl\kernels\autogenerated</Filter>
    </ClInclude>
    <ClInclude Include="C:\repos\opencv\sources\modules\stitching\src\precomp.hpp">
      <Filter>Src</Filter>
    </ClInclude>
    <ClInclude Include="..\..\cvconfig.h">
      <Filter>Header Files</Filter>
    </ClInclude>
    <ClInclude Include="..\..\opencv2\opencv_modules.hpp">
      <Filter>Header Files</Filter>
    </ClInclude>
  </ItemGroup>
  <ItemGroup>
    <CustomBuild Include="C:\repos\opencv\sources\modules\stitching\CMakeLists.txt" />
    <CustomBuild Include="..\..\CMakeFiles\895f2d4b3251d73103b185d35ab0f22c\opencl_kernels_stitching.cpp.rule">
      <Filter>CMake Rules</Filter>
    </CustomBuild>
  </ItemGroup>
  <ItemGroup>
    <None Include="C:\repos\opencv\sources\modules\stitching\src\opencl\multibandblend.cl">
      <Filter>Src\opencl\kernels</Filter>
    </None>
    <None Include="C:\repos\opencv\sources\modules\stitching\src\opencl\warpers.cl">
      <Filter>Src\opencl\kernels</Filter>
    </None>
  </ItemGroup>
  <ItemGroup>
    <Filter Include="Src\opencl">
      <UniqueIdentifier>{601DC755-B2EE-4063-8657-0249BAA6E4DA}</UniqueIdentifier>
    </Filter>
    <Filter Include="Include\opencv2">
      <UniqueIdentifier>{A880021F-73DA-4BE9-9005-3AFCDB0660D6}</UniqueIdentifier>
    </Filter>
    <Filter Include="Src\opencl\kernels">
      <UniqueIdentifier>{0151570E-A218-4117-B805-E8594DA04BA5}</UniqueIdentifier>
    </Filter>
    <Filter Include="Src\opencl\kernels\autogenerated">
      <UniqueIdentifier>{3BD1A3F5-56B8-49D4-BE9E-1E91BA9E29C2}</UniqueIdentifier>
    </Filter>
    <Filter Include="Include\opencv2\stitching">
      <UniqueIdentifier>{E000B8D3-2807-4880-8739-30E961ACE0F6}</UniqueIdentifier>
    </Filter>
    <Filter Include="Include\opencv2\stitching\detail">
      <UniqueIdentifier>{C25C4B82-6BDE-4FA4-B9A5-60CD3CF651D5}</UniqueIdentifier>
    </Filter>
    <Filter Include="Source Files">
      <UniqueIdentifier>{1F0BB369-C3FD-4FA6-A920-195A54B47A59}</UniqueIdentifier>
    </Filter>
    <Filter Include="Header Files">
      <UniqueIdentifier>{6E21F360-A673-4A89-B3FF-3AD88F12A482}</UniqueIdentifier>
    </Filter>
    <Filter Include="CMake Rules">
      <UniqueIdentifier>{1D56F5AC-C0D9-489D-B59F-DF62F2C7DC98}</UniqueIdentifier>
    </Filter>
    <Filter Include="Src">
      <UniqueIdentifier>{FD0FE800-61B3-4573-A785-A29A12B7CAAA}</UniqueIdentifier>
    </Filter>
    <Filter Include="Include">
      <UniqueIdentifier>{973203C1-C626-4ED9-A95D-7E7B953B86FC}</UniqueIdentifier>
    </Filter>
  </ItemGroup>
</Project>
