<?xml version="1.0" encoding="UTF-8"?>
<Project ToolsVersion="14.0" xmlns="http://schemas.microsoft.com/developer/msbuild/2003">
  <ItemGroup>
    <ClCompile Include="C:\repos\opencv\sources\modules\ml\src\ann_mlp.cpp">
      <Filter>Src</Filter>
    </ClCompile>
    <ClCompile Include="C:\repos\opencv\sources\modules\ml\src\boost.cpp">
      <Filter>Src</Filter>
    </ClCompile>
    <ClCompile Include="C:\repos\opencv\sources\modules\ml\src\data.cpp">
      <Filter>Src</Filter>
    </ClCompile>
    <ClCompile Include="C:\repos\opencv\sources\modules\ml\src\em.cpp">
      <Filter>Src</Filter>
    </ClCompile>
    <ClCompile Include="C:\repos\opencv\sources\modules\ml\src\gbt.cpp">
      <Filter>Src</Filter>
    </ClCompile>
    <ClCompile Include="C:\repos\opencv\sources\modules\ml\src\inner_functions.cpp">
      <Filter>Src</Filter>
    </ClCompile>
    <ClCompile Include="C:\repos\opencv\sources\modules\ml\src\kdtree.cpp">
      <Filter>Src</Filter>
    </ClCompile>
    <ClCompile Include="C:\repos\opencv\sources\modules\ml\src\knearest.cpp">
      <Filter>Src</Filter>
    </ClCompile>
    <ClCompile Include="C:\repos\opencv\sources\modules\ml\src\lr.cpp">
      <Filter>Src</Filter>
    </ClCompile>
    <ClCompile Include="C:\repos\opencv\sources\modules\ml\src\nbayes.cpp">
      <Filter>Src</Filter>
    </ClCompile>
    <ClCompile Include="C:\repos\opencv\sources\modules\ml\src\rtrees.cpp">
      <Filter>Src</Filter>
    </ClCompile>
    <ClCompile Include="C:\repos\opencv\sources\modules\ml\src\svm.cpp">
      <Filter>Src</Filter>
    </ClCompile>
    <ClCompile Include="C:\repos\opencv\sources\modules\ml\src\testset.cpp">
      <Filter>Src</Filter>
    </ClCompile>
    <ClCompile Include="C:\repos\opencv\sources\modules\ml\src\tree.cpp">
      <Filter>Src</Filter>
    </ClCompile>
    <ClCompile Include="opencv_ml_pch.cpp">
      <Filter>Source Files</Filter>
    </ClCompile>
  </ItemGroup>
  <ItemGroup>
    <ClInclude Include="C:\repos\opencv\sources\modules\ml\include\opencv2\ml.hpp">
      <Filter>Include\opencv2</Filter>
    </ClInclude>
    <ClInclude Include="C:\repos\opencv\sources\modules\ml\include\opencv2\ml\ml.hpp">
      <Filter>Include\opencv2\ml</Filter>
    </ClInclude>
    <ClInclude Include="C:\repos\opencv\sources\modules\ml\src\kdtree.hpp">
      <Filter>Src</Filter>
    </ClInclude>
    <ClInclude Include="C:\repos\opencv\sources\modules\ml\src\precomp.hpp">
      <Filter>Src</Filter>
    </ClInclude>
    <ClInclude Include="..\..\cvconfig.h">
      <Filter>Header Files</Filter>
    </ClInclude>
    <ClInclude Include="..\..\opencv2\opencv_modules.hpp">
      <Filter>Header Files</Filter>
    </ClInclude>
  </ItemGroup>
  <ItemGroup>
    <CustomBuild Include="C:\repos\opencv\sources\modules\ml\CMakeLists.txt" />
  </ItemGroup>
  <ItemGroup>
    <Filter Include="Include\opencv2">
      <UniqueIdentifier>{A880021F-73DA-4BE9-9005-3AFCDB0660D6}</UniqueIdentifier>
    </Filter>
    <Filter Include="Include\opencv2\ml">
      <UniqueIdentifier>{265538A7-62C4-481A-8E3A-8618572DCFB0}</UniqueIdentifier>
    </Filter>
    <Filter Include="Source Files">
      <UniqueIdentifier>{1F0BB369-C3FD-4FA6-A920-195A54B47A59}</UniqueIdentifier>
    </Filter>
    <Filter Include="Header Files">
      <UniqueIdentifier>{6E21F360-A673-4A89-B3FF-3AD88F12A482}</UniqueIdentifier>
    </Filter>
    <Filter Include="Src">
      <UniqueIdentifier>{FD0FE800-61B3-4573-A785-A29A12B7CAAA}</UniqueIdentifier>
    </Filter>
    <Filter Include="Include">
      <UniqueIdentifier>{973203C1-C626-4ED9-A95D-7E7B953B86FC}</UniqueIdentifier>
    </Filter>
  </ItemGroup>
</Project>
