Microsoft Visual Studio Solution File, Format Version 12.00
# Visual Studio 14
Project("{8BC9CEB8-8B4A-11D0-8D11-00A0C91BC942}") = "ALL_BUILD", "ALL_BUILD.vcxproj", "{31D99836-6820-4124-BA86-74DC2A25BB9F}"
	ProjectSection(ProjectDependencies) = postProject
		{DCE36216-0E44-4996-B6E4-BEC3A3261708} = {DCE36216-0E44-4996-B6E4-BEC3A3261708}
		{115E6D79-4E11-4579-9808-BA56DC4FCBA0} = {115E6D79-4E11-4579-9808-BA56DC4FCBA0}
		{42B7C690-086D-41D1-B512-B2E4EDC82B29} = {42B7C690-086D-41D1-B512-B2E4EDC82B29}
	EndProjectSection
EndProject
Project("{8BC9CEB8-8B4A-11D0-8D11-00A0C91BC942}") = "INSTALL", "INSTALL.vcxproj", "{1CFBB79A-1B43-4EE1-A5DD-BBA7C223ADA5}"
	ProjectSection(ProjectDependencies) = postProject
		{31D99836-6820-4124-BA86-74DC2A25BB9F} = {31D99836-6820-4124-BA86-74DC2A25BB9F}
	EndProjectSection
EndProject
Project("{8BC9CEB8-8B4A-11D0-8D11-00A0C91BC942}") = "IlmImf", "..\..\3rdparty\openexr\IlmImf.vcxproj", "{0D606615-95CC-4A59-A7D3-FF2096BBE5D2}"
	ProjectSection(ProjectDependencies) = postProject
		{021AB204-82B5-47CF-A037-27F966E87D29} = {021AB204-82B5-47CF-A037-27F966E87D29}
		{9A6C07E2-969B-4074-A6A2-338156628121} = {9A6C07E2-969B-4074-A6A2-338156628121}
	EndProjectSection
EndProject
Project("{8BC9CEB8-8B4A-11D0-8D11-00A0C91BC942}") = "PACKAGE", "PACKAGE.vcxproj", "{353E6DDF-5F9A-4B28-98D9-BB7287754B90}"
	ProjectSection(ProjectDependencies) = postProject
		{31D99836-6820-4124-BA86-74DC2A25BB9F} = {31D99836-6820-4124-BA86-74DC2A25BB9F}
	EndProjectSection
EndProject
Project("{8BC9CEB8-8B4A-11D0-8D11-00A0C91BC942}") = "ZERO_CHECK", "..\..\\ZERO_CHECK.vcxproj", "{021AB204-82B5-47CF-A037-27F966E87D29}"
	ProjectSection(ProjectDependencies) = postProject
	EndProjectSection
EndProject
Project("{8BC9CEB8-8B4A-11D0-8D11-00A0C91BC942}") = "libjasper", "..\..\3rdparty\libjasper\libjasper.vcxproj", "{1654A6C9-064C-464E-A645-C2FC7593094A}"
	ProjectSection(ProjectDependencies) = postProject
		{021AB204-82B5-47CF-A037-27F966E87D29} = {021AB204-82B5-47CF-A037-27F966E87D29}
	EndProjectSection
EndProject
Project("{8BC9CEB8-8B4A-11D0-8D11-00A0C91BC942}") = "libjpeg", "..\..\3rdparty\libjpeg\libjpeg.vcxproj", "{27C04679-A186-4E37-A316-818C6257D03A}"
	ProjectSection(ProjectDependencies) = postProject
		{021AB204-82B5-47CF-A037-27F966E87D29} = {021AB204-82B5-47CF-A037-27F966E87D29}
	EndProjectSection
EndProject
Project("{8BC9CEB8-8B4A-11D0-8D11-00A0C91BC942}") = "libpng", "..\..\3rdparty\libpng\libpng.vcxproj", "{F1368B00-BD4F-4D58-982C-4935C5B59A84}"
	ProjectSection(ProjectDependencies) = postProject
		{021AB204-82B5-47CF-A037-27F966E87D29} = {021AB204-82B5-47CF-A037-27F966E87D29}
		{9A6C07E2-969B-4074-A6A2-338156628121} = {9A6C07E2-969B-4074-A6A2-338156628121}
	EndProjectSection
EndProject
Project("{8BC9CEB8-8B4A-11D0-8D11-00A0C91BC942}") = "libtiff", "..\..\3rdparty\libtiff\libtiff.vcxproj", "{64878E0D-73F0-4FA0-A53D-28515FDC1725}"
	ProjectSection(ProjectDependencies) = postProject
		{021AB204-82B5-47CF-A037-27F966E87D29} = {021AB204-82B5-47CF-A037-27F966E87D29}
		{9A6C07E2-969B-4074-A6A2-338156628121} = {9A6C07E2-969B-4074-A6A2-338156628121}
	EndProjectSection
EndProject
Project("{8BC9CEB8-8B4A-11D0-8D11-00A0C91BC942}") = "libwebp", "..\..\3rdparty\libwebp\libwebp.vcxproj", "{93B52C12-87C1-4729-A094-70679FF5C829}"
	ProjectSection(ProjectDependencies) = postProject
		{021AB204-82B5-47CF-A037-27F966E87D29} = {021AB204-82B5-47CF-A037-27F966E87D29}
	EndProjectSection
EndProject
Project("{8BC9CEB8-8B4A-11D0-8D11-00A0C91BC942}") = "opencv_core", "..\core\opencv_core.vcxproj", "{749353FE-8DD3-474B-94C9-C9E1789B45E1}"
	ProjectSection(ProjectDependencies) = postProject
		{021AB204-82B5-47CF-A037-27F966E87D29} = {021AB204-82B5-47CF-A037-27F966E87D29}
		{8326B485-0070-4447-8767-0F05DBBBCFC9} = {8326B485-0070-4447-8767-0F05DBBBCFC9}
		{9A6C07E2-969B-4074-A6A2-338156628121} = {9A6C07E2-969B-4074-A6A2-338156628121}
	EndProjectSection
EndProject
Project("{8BC9CEB8-8B4A-11D0-8D11-00A0C91BC942}") = "opencv_hal", "..\hal\opencv_hal.vcxproj", "{8326B485-0070-4447-8767-0F05DBBBCFC9}"
	ProjectSection(ProjectDependencies) = postProject
		{021AB204-82B5-47CF-A037-27F966E87D29} = {021AB204-82B5-47CF-A037-27F966E87D29}
	EndProjectSection
EndProject
Project("{8BC9CEB8-8B4A-11D0-8D11-00A0C91BC942}") = "opencv_highgui", "..\highgui\opencv_highgui.vcxproj", "{05DB17B6-0508-4C1F-9DBE-89484E014A99}"
	ProjectSection(ProjectDependencies) = postProject
		{021AB204-82B5-47CF-A037-27F966E87D29} = {021AB204-82B5-47CF-A037-27F966E87D29}
		{749353FE-8DD3-474B-94C9-C9E1789B45E1} = {749353FE-8DD3-474B-94C9-C9E1789B45E1}
		{8326B485-0070-4447-8767-0F05DBBBCFC9} = {8326B485-0070-4447-8767-0F05DBBBCFC9}
		{0F4FAD23-4B22-45CB-8BAA-0575162D0A67} = {0F4FAD23-4B22-45CB-8BAA-0575162D0A67}
		{B1D839DF-6872-4222-8FBE-EA8E354EA9C1} = {B1D839DF-6872-4222-8FBE-EA8E354EA9C1}
		{52BE82AA-75B0-432C-90DF-9587AEB7A60B} = {52BE82AA-75B0-432C-90DF-9587AEB7A60B}
	EndProjectSection
EndProject
Project("{8BC9CEB8-8B4A-11D0-8D11-00A0C91BC942}") = "opencv_imgcodecs", "..\imgcodecs\opencv_imgcodecs.vcxproj", "{0F4FAD23-4B22-45CB-8BAA-0575162D0A67}"
	ProjectSection(ProjectDependencies) = postProject
		{0D606615-95CC-4A59-A7D3-FF2096BBE5D2} = {0D606615-95CC-4A59-A7D3-FF2096BBE5D2}
		{021AB204-82B5-47CF-A037-27F966E87D29} = {021AB204-82B5-47CF-A037-27F966E87D29}
		{1654A6C9-064C-464E-A645-C2FC7593094A} = {1654A6C9-064C-464E-A645-C2FC7593094A}
		{27C04679-A186-4E37-A316-818C6257D03A} = {27C04679-A186-4E37-A316-818C6257D03A}
		{F1368B00-BD4F-4D58-982C-4935C5B59A84} = {F1368B00-BD4F-4D58-982C-4935C5B59A84}
		{64878E0D-73F0-4FA0-A53D-28515FDC1725} = {64878E0D-73F0-4FA0-A53D-28515FDC1725}
		{93B52C12-87C1-4729-A094-70679FF5C829} = {93B52C12-87C1-4729-A094-70679FF5C829}
		{749353FE-8DD3-474B-94C9-C9E1789B45E1} = {749353FE-8DD3-474B-94C9-C9E1789B45E1}
		{8326B485-0070-4447-8767-0F05DBBBCFC9} = {8326B485-0070-4447-8767-0F05DBBBCFC9}
		{B1D839DF-6872-4222-8FBE-EA8E354EA9C1} = {B1D839DF-6872-4222-8FBE-EA8E354EA9C1}
		{9A6C07E2-969B-4074-A6A2-338156628121} = {9A6C07E2-969B-4074-A6A2-338156628121}
	EndProjectSection
EndProject
Project("{8BC9CEB8-8B4A-11D0-8D11-00A0C91BC942}") = "opencv_imgproc", "..\imgproc\opencv_imgproc.vcxproj", "{B1D839DF-6872-4222-8FBE-EA8E354EA9C1}"
	ProjectSection(ProjectDependencies) = postProject
		{021AB204-82B5-47CF-A037-27F966E87D29} = {021AB204-82B5-47CF-A037-27F966E87D29}
		{749353FE-8DD3-474B-94C9-C9E1789B45E1} = {749353FE-8DD3-474B-94C9-C9E1789B45E1}
		{8326B485-0070-4447-8767-0F05DBBBCFC9} = {8326B485-0070-4447-8767-0F05DBBBCFC9}
	EndProjectSection
EndProject
Project("{8BC9CEB8-8B4A-11D0-8D11-00A0C91BC942}") = "opencv_perf_video", "opencv_perf_video.vcxproj", "{DCE36216-0E44-4996-B6E4-BEC3A3261708}"
	ProjectSection(ProjectDependencies) = postProject
		{021AB204-82B5-47CF-A037-27F966E87D29} = {021AB204-82B5-47CF-A037-27F966E87D29}
		{749353FE-8DD3-474B-94C9-C9E1789B45E1} = {749353FE-8DD3-474B-94C9-C9E1789B45E1}
		{8326B485-0070-4447-8767-0F05DBBBCFC9} = {8326B485-0070-4447-8767-0F05DBBBCFC9}
		{05DB17B6-0508-4C1F-9DBE-89484E014A99} = {05DB17B6-0508-4C1F-9DBE-89484E014A99}
		{0F4FAD23-4B22-45CB-8BAA-0575162D0A67} = {0F4FAD23-4B22-45CB-8BAA-0575162D0A67}
		{B1D839DF-6872-4222-8FBE-EA8E354EA9C1} = {B1D839DF-6872-4222-8FBE-EA8E354EA9C1}
		{ABF8426B-54E9-48D5-AF8C-86C0C204BFF8} = {ABF8426B-54E9-48D5-AF8C-86C0C204BFF8}
		{42B7C690-086D-41D1-B512-B2E4EDC82B29} = {42B7C690-086D-41D1-B512-B2E4EDC82B29}
		{52BE82AA-75B0-432C-90DF-9587AEB7A60B} = {52BE82AA-75B0-432C-90DF-9587AEB7A60B}
	EndProjectSection
EndProject
Project("{8BC9CEB8-8B4A-11D0-8D11-00A0C91BC942}") = "opencv_test_video", "opencv_test_video.vcxproj", "{115E6D79-4E11-4579-9808-BA56DC4FCBA0}"
	ProjectSection(ProjectDependencies) = postProject
		{021AB204-82B5-47CF-A037-27F966E87D29} = {021AB204-82B5-47CF-A037-27F966E87D29}
		{749353FE-8DD3-474B-94C9-C9E1789B45E1} = {749353FE-8DD3-474B-94C9-C9E1789B45E1}
		{8326B485-0070-4447-8767-0F05DBBBCFC9} = {8326B485-0070-4447-8767-0F05DBBBCFC9}
		{05DB17B6-0508-4C1F-9DBE-89484E014A99} = {05DB17B6-0508-4C1F-9DBE-89484E014A99}
		{0F4FAD23-4B22-45CB-8BAA-0575162D0A67} = {0F4FAD23-4B22-45CB-8BAA-0575162D0A67}
		{B1D839DF-6872-4222-8FBE-EA8E354EA9C1} = {B1D839DF-6872-4222-8FBE-EA8E354EA9C1}
		{ABF8426B-54E9-48D5-AF8C-86C0C204BFF8} = {ABF8426B-54E9-48D5-AF8C-86C0C204BFF8}
		{42B7C690-086D-41D1-B512-B2E4EDC82B29} = {42B7C690-086D-41D1-B512-B2E4EDC82B29}
		{52BE82AA-75B0-432C-90DF-9587AEB7A60B} = {52BE82AA-75B0-432C-90DF-9587AEB7A60B}
	EndProjectSection
EndProject
Project("{8BC9CEB8-8B4A-11D0-8D11-00A0C91BC942}") = "opencv_ts", "..\ts\opencv_ts.vcxproj", "{ABF8426B-54E9-48D5-AF8C-86C0C204BFF8}"
	ProjectSection(ProjectDependencies) = postProject
		{021AB204-82B5-47CF-A037-27F966E87D29} = {021AB204-82B5-47CF-A037-27F966E87D29}
		{749353FE-8DD3-474B-94C9-C9E1789B45E1} = {749353FE-8DD3-474B-94C9-C9E1789B45E1}
		{8326B485-0070-4447-8767-0F05DBBBCFC9} = {8326B485-0070-4447-8767-0F05DBBBCFC9}
		{05DB17B6-0508-4C1F-9DBE-89484E014A99} = {05DB17B6-0508-4C1F-9DBE-89484E014A99}
		{0F4FAD23-4B22-45CB-8BAA-0575162D0A67} = {0F4FAD23-4B22-45CB-8BAA-0575162D0A67}
		{B1D839DF-6872-4222-8FBE-EA8E354EA9C1} = {B1D839DF-6872-4222-8FBE-EA8E354EA9C1}
		{52BE82AA-75B0-432C-90DF-9587AEB7A60B} = {52BE82AA-75B0-432C-90DF-9587AEB7A60B}
	EndProjectSection
EndProject
Project("{8BC9CEB8-8B4A-11D0-8D11-00A0C91BC942}") = "opencv_video", "opencv_video.vcxproj", "{42B7C690-086D-41D1-B512-B2E4EDC82B29}"
	ProjectSection(ProjectDependencies) = postProject
		{021AB204-82B5-47CF-A037-27F966E87D29} = {021AB204-82B5-47CF-A037-27F966E87D29}
		{749353FE-8DD3-474B-94C9-C9E1789B45E1} = {749353FE-8DD3-474B-94C9-C9E1789B45E1}
		{8326B485-0070-4447-8767-0F05DBBBCFC9} = {8326B485-0070-4447-8767-0F05DBBBCFC9}
		{B1D839DF-6872-4222-8FBE-EA8E354EA9C1} = {B1D839DF-6872-4222-8FBE-EA8E354EA9C1}
	EndProjectSection
EndProject
Project("{8BC9CEB8-8B4A-11D0-8D11-00A0C91BC942}") = "opencv_video_object", "opencv_video_object.vcxproj", "{E10E93A7-5426-4BF6-B18C-85916C832A84}"
	ProjectSection(ProjectDependencies) = postProject
		{021AB204-82B5-47CF-A037-27F966E87D29} = {021AB204-82B5-47CF-A037-27F966E87D29}
	EndProjectSection
EndProject
Project("{8BC9CEB8-8B4A-11D0-8D11-00A0C91BC942}") = "opencv_videoio", "..\videoio\opencv_videoio.vcxproj", "{52BE82AA-75B0-432C-90DF-9587AEB7A60B}"
	ProjectSection(ProjectDependencies) = postProject
		{021AB204-82B5-47CF-A037-27F966E87D29} = {021AB204-82B5-47CF-A037-27F966E87D29}
		{749353FE-8DD3-474B-94C9-C9E1789B45E1} = {749353FE-8DD3-474B-94C9-C9E1789B45E1}
		{8326B485-0070-4447-8767-0F05DBBBCFC9} = {8326B485-0070-4447-8767-0F05DBBBCFC9}
		{0F4FAD23-4B22-45CB-8BAA-0575162D0A67} = {0F4FAD23-4B22-45CB-8BAA-0575162D0A67}
		{B1D839DF-6872-4222-8FBE-EA8E354EA9C1} = {B1D839DF-6872-4222-8FBE-EA8E354EA9C1}
	EndProjectSection
EndProject
Project("{8BC9CEB8-8B4A-11D0-8D11-00A0C91BC942}") = "zlib", "..\..\3rdparty\zlib\zlib.vcxproj", "{9A6C07E2-969B-4074-A6A2-338156628121}"
	ProjectSection(ProjectDependencies) = postProject
		{021AB204-82B5-47CF-A037-27F966E87D29} = {021AB204-82B5-47CF-A037-27F966E87D29}
	EndProjectSection
EndProject
Project("{2150E333-8FDC-42A3-9474-1A3956D46DE8}") = "3rdparty", "3rdparty", "{4D879E14-A22A-4B6B-AF2F-2BF9D51CFED9}"
EndProject
Project("{2150E333-8FDC-42A3-9474-1A3956D46DE8}") = "CMakeTargets", "CMakeTargets", "{DFC892B1-81BE-4C44-9E2D-CAA434287203}"
EndProject
Project("{2150E333-8FDC-42A3-9474-1A3956D46DE8}") = "modules", "modules", "{70BAD95A-67C6-43B0-846D-8A981277E3A6}"
EndProject
Project("{2150E333-8FDC-42A3-9474-1A3956D46DE8}") = "object_libraries", "object_libraries", "{465A3C0F-81B8-4B76-95FE-6B0132ACB798}"
EndProject
Project("{2150E333-8FDC-42A3-9474-1A3956D46DE8}") = "tests accuracy", "tests accuracy", "{943627E3-E27A-4538-88D6-A5C899994C6E}"
EndProject
Project("{2150E333-8FDC-42A3-9474-1A3956D46DE8}") = "tests performance", "tests performance", "{CB4B9C6E-CCF7-4772-A174-736A96DB97E2}"
EndProject
Global
	GlobalSection(SolutionConfigurationPlatforms) = preSolution
		Debug|x64 = Debug|x64
		Release|x64 = Release|x64
	EndGlobalSection
	GlobalSection(ProjectConfigurationPlatforms) = postSolution
		{31D99836-6820-4124-BA86-74DC2A25BB9F}.Debug|x64.ActiveCfg = Debug|x64
		{31D99836-6820-4124-BA86-74DC2A25BB9F}.Debug|x64.Build.0 = Debug|x64
		{31D99836-6820-4124-BA86-74DC2A25BB9F}.Release|x64.ActiveCfg = Release|x64
		{31D99836-6820-4124-BA86-74DC2A25BB9F}.Release|x64.Build.0 = Release|x64
		{1CFBB79A-1B43-4EE1-A5DD-BBA7C223ADA5}.Debug|x64.ActiveCfg = Debug|x64
		{1CFBB79A-1B43-4EE1-A5DD-BBA7C223ADA5}.Release|x64.ActiveCfg = Release|x64
		{0D606615-95CC-4A59-A7D3-FF2096BBE5D2}.Debug|x64.ActiveCfg = Debug|x64
		{0D606615-95CC-4A59-A7D3-FF2096BBE5D2}.Debug|x64.Build.0 = Debug|x64
		{0D606615-95CC-4A59-A7D3-FF2096BBE5D2}.Release|x64.ActiveCfg = Release|x64
		{0D606615-95CC-4A59-A7D3-FF2096BBE5D2}.Release|x64.Build.0 = Release|x64
		{353E6DDF-5F9A-4B28-98D9-BB7287754B90}.Debug|x64.ActiveCfg = Debug|x64
		{353E6DDF-5F9A-4B28-98D9-BB7287754B90}.Release|x64.ActiveCfg = Release|x64
		{021AB204-82B5-47CF-A037-27F966E87D29}.Debug|x64.ActiveCfg = Debug|x64
		{021AB204-82B5-47CF-A037-27F966E87D29}.Debug|x64.Build.0 = Debug|x64
		{021AB204-82B5-47CF-A037-27F966E87D29}.Release|x64.ActiveCfg = Release|x64
		{021AB204-82B5-47CF-A037-27F966E87D29}.Release|x64.Build.0 = Release|x64
		{1654A6C9-064C-464E-A645-C2FC7593094A}.Debug|x64.ActiveCfg = Debug|x64
		{1654A6C9-064C-464E-A645-C2FC7593094A}.Debug|x64.Build.0 = Debug|x64
		{1654A6C9-064C-464E-A645-C2FC7593094A}.Release|x64.ActiveCfg = Release|x64
		{1654A6C9-064C-464E-A645-C2FC7593094A}.Release|x64.Build.0 = Release|x64
		{27C04679-A186-4E37-A316-818C6257D03A}.Debug|x64.ActiveCfg = Debug|x64
		{27C04679-A186-4E37-A316-818C6257D03A}.Debug|x64.Build.0 = Debug|x64
		{27C04679-A186-4E37-A316-818C6257D03A}.Release|x64.ActiveCfg = Release|x64
		{27C04679-A186-4E37-A316-818C6257D03A}.Release|x64.Build.0 = Release|x64
		{F1368B00-BD4F-4D58-982C-4935C5B59A84}.Debug|x64.ActiveCfg = Debug|x64
		{F1368B00-BD4F-4D58-982C-4935C5B59A84}.Debug|x64.Build.0 = Debug|x64
		{F1368B00-BD4F-4D58-982C-4935C5B59A84}.Release|x64.ActiveCfg = Release|x64
		{F1368B00-BD4F-4D58-982C-4935C5B59A84}.Release|x64.Build.0 = Release|x64
		{64878E0D-73F0-4FA0-A53D-28515FDC1725}.Debug|x64.ActiveCfg = Debug|x64
		{64878E0D-73F0-4FA0-A53D-28515FDC1725}.Debug|x64.Build.0 = Debug|x64
		{64878E0D-73F0-4FA0-A53D-28515FDC1725}.Release|x64.ActiveCfg = Release|x64
		{64878E0D-73F0-4FA0-A53D-28515FDC1725}.Release|x64.Build.0 = Release|x64
		{93B52C12-87C1-4729-A094-70679FF5C829}.Debug|x64.ActiveCfg = Debug|x64
		{93B52C12-87C1-4729-A094-70679FF5C829}.Debug|x64.Build.0 = Debug|x64
		{93B52C12-87C1-4729-A094-70679FF5C829}.Release|x64.ActiveCfg = Release|x64
		{93B52C12-87C1-4729-A094-70679FF5C829}.Release|x64.Build.0 = Release|x64
		{749353FE-8DD3-474B-94C9-C9E1789B45E1}.Debug|x64.ActiveCfg = Debug|x64
		{749353FE-8DD3-474B-94C9-C9E1789B45E1}.Debug|x64.Build.0 = Debug|x64
		{749353FE-8DD3-474B-94C9-C9E1789B45E1}.Release|x64.ActiveCfg = Release|x64
		{749353FE-8DD3-474B-94C9-C9E1789B45E1}.Release|x64.Build.0 = Release|x64
		{8326B485-0070-4447-8767-0F05DBBBCFC9}.Debug|x64.ActiveCfg = Debug|x64
		{8326B485-0070-4447-8767-0F05DBBBCFC9}.Debug|x64.Build.0 = Debug|x64
		{8326B485-0070-4447-8767-0F05DBBBCFC9}.Release|x64.ActiveCfg = Release|x64
		{8326B485-0070-4447-8767-0F05DBBBCFC9}.Release|x64.Build.0 = Release|x64
		{05DB17B6-0508-4C1F-9DBE-89484E014A99}.Debug|x64.ActiveCfg = Debug|x64
		{05DB17B6-0508-4C1F-9DBE-89484E014A99}.Debug|x64.Build.0 = Debug|x64
		{05DB17B6-0508-4C1F-9DBE-89484E014A99}.Release|x64.ActiveCfg = Release|x64
		{05DB17B6-0508-4C1F-9DBE-89484E014A99}.Release|x64.Build.0 = Release|x64
		{0F4FAD23-4B22-45CB-8BAA-0575162D0A67}.Debug|x64.ActiveCfg = Debug|x64
		{0F4FAD23-4B22-45CB-8BAA-0575162D0A67}.Debug|x64.Build.0 = Debug|x64
		{0F4FAD23-4B22-45CB-8BAA-0575162D0A67}.Release|x64.ActiveCfg = Release|x64
		{0F4FAD23-4B22-45CB-8BAA-0575162D0A67}.Release|x64.Build.0 = Release|x64
		{B1D839DF-6872-4222-8FBE-EA8E354EA9C1}.Debug|x64.ActiveCfg = Debug|x64
		{B1D839DF-6872-4222-8FBE-EA8E354EA9C1}.Debug|x64.Build.0 = Debug|x64
		{B1D839DF-6872-4222-8FBE-EA8E354EA9C1}.Release|x64.ActiveCfg = Release|x64
		{B1D839DF-6872-4222-8FBE-EA8E354EA9C1}.Release|x64.Build.0 = Release|x64
		{DCE36216-0E44-4996-B6E4-BEC3A3261708}.Debug|x64.ActiveCfg = Debug|x64
		{DCE36216-0E44-4996-B6E4-BEC3A3261708}.Debug|x64.Build.0 = Debug|x64
		{DCE36216-0E44-4996-B6E4-BEC3A3261708}.Release|x64.ActiveCfg = Release|x64
		{DCE36216-0E44-4996-B6E4-BEC3A3261708}.Release|x64.Build.0 = Release|x64
		{115E6D79-4E11-4579-9808-BA56DC4FCBA0}.Debug|x64.ActiveCfg = Debug|x64
		{115E6D79-4E11-4579-9808-BA56DC4FCBA0}.Debug|x64.Build.0 = Debug|x64
		{115E6D79-4E11-4579-9808-BA56DC4FCBA0}.Release|x64.ActiveCfg = Release|x64
		{115E6D79-4E11-4579-9808-BA56DC4FCBA0}.Release|x64.Build.0 = Release|x64
		{ABF8426B-54E9-48D5-AF8C-86C0C204BFF8}.Debug|x64.ActiveCfg = Debug|x64
		{ABF8426B-54E9-48D5-AF8C-86C0C204BFF8}.Debug|x64.Build.0 = Debug|x64
		{ABF8426B-54E9-48D5-AF8C-86C0C204BFF8}.Release|x64.ActiveCfg = Release|x64
		{ABF8426B-54E9-48D5-AF8C-86C0C204BFF8}.Release|x64.Build.0 = Release|x64
		{42B7C690-086D-41D1-B512-B2E4EDC82B29}.Debug|x64.ActiveCfg = Debug|x64
		{42B7C690-086D-41D1-B512-B2E4EDC82B29}.Debug|x64.Build.0 = Debug|x64
		{42B7C690-086D-41D1-B512-B2E4EDC82B29}.Release|x64.ActiveCfg = Release|x64
		{42B7C690-086D-41D1-B512-B2E4EDC82B29}.Release|x64.Build.0 = Release|x64
		{E10E93A7-5426-4BF6-B18C-85916C832A84}.Debug|x64.ActiveCfg = Debug|x64
		{E10E93A7-5426-4BF6-B18C-85916C832A84}.Release|x64.ActiveCfg = Release|x64
		{52BE82AA-75B0-432C-90DF-9587AEB7A60B}.Debug|x64.ActiveCfg = Debug|x64
		{52BE82AA-75B0-432C-90DF-9587AEB7A60B}.Debug|x64.Build.0 = Debug|x64
		{52BE82AA-75B0-432C-90DF-9587AEB7A60B}.Release|x64.ActiveCfg = Release|x64
		{52BE82AA-75B0-432C-90DF-9587AEB7A60B}.Release|x64.Build.0 = Release|x64
		{9A6C07E2-969B-4074-A6A2-338156628121}.Debug|x64.ActiveCfg = Debug|x64
		{9A6C07E2-969B-4074-A6A2-338156628121}.Debug|x64.Build.0 = Debug|x64
		{9A6C07E2-969B-4074-A6A2-338156628121}.Release|x64.ActiveCfg = Release|x64
		{9A6C07E2-969B-4074-A6A2-338156628121}.Release|x64.Build.0 = Release|x64
	EndGlobalSection
	GlobalSection(NestedProjects) = preSolution
		{0D606615-95CC-4A59-A7D3-FF2096BBE5D2} = {4D879E14-A22A-4B6B-AF2F-2BF9D51CFED9}
		{1654A6C9-064C-464E-A645-C2FC7593094A} = {4D879E14-A22A-4B6B-AF2F-2BF9D51CFED9}
		{27C04679-A186-4E37-A316-818C6257D03A} = {4D879E14-A22A-4B6B-AF2F-2BF9D51CFED9}
		{F1368B00-BD4F-4D58-982C-4935C5B59A84} = {4D879E14-A22A-4B6B-AF2F-2BF9D51CFED9}
		{64878E0D-73F0-4FA0-A53D-28515FDC1725} = {4D879E14-A22A-4B6B-AF2F-2BF9D51CFED9}
		{93B52C12-87C1-4729-A094-70679FF5C829} = {4D879E14-A22A-4B6B-AF2F-2BF9D51CFED9}
		{9A6C07E2-969B-4074-A6A2-338156628121} = {4D879E14-A22A-4B6B-AF2F-2BF9D51CFED9}
		{1CFBB79A-1B43-4EE1-A5DD-BBA7C223ADA5} = {DFC892B1-81BE-4C44-9E2D-CAA434287203}
		{353E6DDF-5F9A-4B28-98D9-BB7287754B90} = {DFC892B1-81BE-4C44-9E2D-CAA434287203}
		{021AB204-82B5-47CF-A037-27F966E87D29} = {DFC892B1-81BE-4C44-9E2D-CAA434287203}
		{749353FE-8DD3-474B-94C9-C9E1789B45E1} = {70BAD95A-67C6-43B0-846D-8A981277E3A6}
		{8326B485-0070-4447-8767-0F05DBBBCFC9} = {70BAD95A-67C6-43B0-846D-8A981277E3A6}
		{05DB17B6-0508-4C1F-9DBE-89484E014A99} = {70BAD95A-67C6-43B0-846D-8A981277E3A6}
		{0F4FAD23-4B22-45CB-8BAA-0575162D0A67} = {70BAD95A-67C6-43B0-846D-8A981277E3A6}
		{B1D839DF-6872-4222-8FBE-EA8E354EA9C1} = {70BAD95A-67C6-43B0-846D-8A981277E3A6}
		{ABF8426B-54E9-48D5-AF8C-86C0C204BFF8} = {70BAD95A-67C6-43B0-846D-8A981277E3A6}
		{42B7C690-086D-41D1-B512-B2E4EDC82B29} = {70BAD95A-67C6-43B0-846D-8A981277E3A6}
		{52BE82AA-75B0-432C-90DF-9587AEB7A60B} = {70BAD95A-67C6-43B0-846D-8A981277E3A6}
		{E10E93A7-5426-4BF6-B18C-85916C832A84} = {465A3C0F-81B8-4B76-95FE-6B0132ACB798}
		{115E6D79-4E11-4579-9808-BA56DC4FCBA0} = {943627E3-E27A-4538-88D6-A5C899994C6E}
		{DCE36216-0E44-4996-B6E4-BEC3A3261708} = {CB4B9C6E-CCF7-4772-A174-736A96DB97E2}
	EndGlobalSection
	GlobalSection(ExtensibilityGlobals) = postSolution
	EndGlobalSection
	GlobalSection(ExtensibilityAddIns) = postSolution
	EndGlobalSection
EndGlobal
