<?xml version="1.0" encoding="UTF-8"?>
<Project ToolsVersion="14.0" xmlns="http://schemas.microsoft.com/developer/msbuild/2003">
  <ItemGroup>
    <ClCompile Include="C:\repos\opencv\sources\modules\calib3d\test\opencl\test_stereobm.cpp">
      <Filter>Src\opencl</Filter>
    </ClCompile>
    <ClCompile Include="C:\repos\opencv\sources\modules\calib3d\test\test_affine3.cpp">
      <Filter>Src</Filter>
    </ClCompile>
    <ClCompile Include="C:\repos\opencv\sources\modules\calib3d\test\test_affine3d_estimator.cpp">
      <Filter>Src</Filter>
    </ClCompile>
    <ClCompile Include="C:\repos\opencv\sources\modules\calib3d\test\test_cameracalibration.cpp">
      <Filter>Src</Filter>
    </ClCompile>
    <ClCompile Include="C:\repos\opencv\sources\modules\calib3d\test\test_cameracalibration_artificial.cpp">
      <Filter>Src</Filter>
    </ClCompile>
    <ClCompile Include="C:\repos\opencv\sources\modules\calib3d\test\test_cameracalibration_badarg.cpp">
      <Filter>Src</Filter>
    </ClCompile>
    <ClCompile Include="C:\repos\opencv\sources\modules\calib3d\test\test_chessboardgenerator.cpp">
      <Filter>Src</Filter>
    </ClCompile>
    <ClCompile Include="C:\repos\opencv\sources\modules\calib3d\test\test_chesscorners.cpp">
      <Filter>Src</Filter>
    </ClCompile>
    <ClCompile Include="C:\repos\opencv\sources\modules\calib3d\test\test_chesscorners_badarg.cpp">
      <Filter>Src</Filter>
    </ClCompile>
    <ClCompile Include="C:\repos\opencv\sources\modules\calib3d\test\test_chesscorners_timing.cpp">
      <Filter>Src</Filter>
    </ClCompile>
    <ClCompile Include="C:\repos\opencv\sources\modules\calib3d\test\test_compose_rt.cpp">
      <Filter>Src</Filter>
    </ClCompile>
    <ClCompile Include="C:\repos\opencv\sources\modules\calib3d\test\test_cornerssubpix.cpp">
      <Filter>Src</Filter>
    </ClCompile>
    <ClCompile Include="C:\repos\opencv\sources\modules\calib3d\test\test_decompose_projection.cpp">
      <Filter>Src</Filter>
    </ClCompile>
    <ClCompile Include="C:\repos\opencv\sources\modules\calib3d\test\test_fisheye.cpp">
      <Filter>Src</Filter>
    </ClCompile>
    <ClCompile Include="C:\repos\opencv\sources\modules\calib3d\test\test_fundam.cpp">
      <Filter>Src</Filter>
    </ClCompile>
    <ClCompile Include="C:\repos\opencv\sources\modules\calib3d\test\test_homography.cpp">
      <Filter>Src</Filter>
    </ClCompile>
    <ClCompile Include="C:\repos\opencv\sources\modules\calib3d\test\test_homography_decomp.cpp">
      <Filter>Src</Filter>
    </ClCompile>
    <ClCompile Include="C:\repos\opencv\sources\modules\calib3d\test\test_main.cpp">
      <Filter>Src</Filter>
    </ClCompile>
    <ClCompile Include="C:\repos\opencv\sources\modules\calib3d\test\test_modelest.cpp">
      <Filter>Src</Filter>
    </ClCompile>
    <ClCompile Include="C:\repos\opencv\sources\modules\calib3d\test\test_posit.cpp">
      <Filter>Src</Filter>
    </ClCompile>
    <ClCompile Include="C:\repos\opencv\sources\modules\calib3d\test\test_reproject_image_to_3d.cpp">
      <Filter>Src</Filter>
    </ClCompile>
    <ClCompile Include="C:\repos\opencv\sources\modules\calib3d\test\test_solvepnp_ransac.cpp">
      <Filter>Src</Filter>
    </ClCompile>
    <ClCompile Include="C:\repos\opencv\sources\modules\calib3d\test\test_stereomatching.cpp">
      <Filter>Src</Filter>
    </ClCompile>
    <ClCompile Include="C:\repos\opencv\sources\modules\calib3d\test\test_undistort.cpp">
      <Filter>Src</Filter>
    </ClCompile>
    <ClCompile Include="C:\repos\opencv\sources\modules\calib3d\test\test_undistort_badarg.cpp">
      <Filter>Src</Filter>
    </ClCompile>
    <ClCompile Include="C:\repos\opencv\sources\modules\calib3d\test\test_undistort_points.cpp">
      <Filter>Src</Filter>
    </ClCompile>
    <ClCompile Include="opencv_test_calib3d_pch.cpp">
      <Filter>Source Files</Filter>
    </ClCompile>
  </ItemGroup>
  <ItemGroup>
    <ClInclude Include="C:\repos\opencv\sources\modules\calib3d\test\test_chessboardgenerator.hpp">
      <Filter>Include</Filter>
    </ClInclude>
    <ClInclude Include="C:\repos\opencv\sources\modules\calib3d\test\test_precomp.hpp">
      <Filter>Include</Filter>
    </ClInclude>
  </ItemGroup>
  <ItemGroup>
    <CustomBuild Include="C:\repos\opencv\sources\modules\calib3d\CMakeLists.txt" />
  </ItemGroup>
  <ItemGroup>
    <Filter Include="Src\opencl">
      <UniqueIdentifier>{601DC755-B2EE-4063-8657-0249BAA6E4DA}</UniqueIdentifier>
    </Filter>
    <Filter Include="Source Files">
      <UniqueIdentifier>{1F0BB369-C3FD-4FA6-A920-195A54B47A59}</UniqueIdentifier>
    </Filter>
    <Filter Include="Src">
      <UniqueIdentifier>{FD0FE800-61B3-4573-A785-A29A12B7CAAA}</UniqueIdentifier>
    </Filter>
    <Filter Include="Include">
      <UniqueIdentifier>{973203C1-C626-4ED9-A95D-7E7B953B86FC}</UniqueIdentifier>
    </Filter>
  </ItemGroup>
</Project>
