<?xml version="1.0" encoding="UTF-8"?>
<Project ToolsVersion="14.0" xmlns="http://schemas.microsoft.com/developer/msbuild/2003">
  <ItemGroup>
    <ClCompile Include="C:\repos\opencv\sources\modules\imgproc\test\ocl\test_accumulate.cpp">
      <Filter>Src\ocl</Filter>
    </ClCompile>
    <ClCompile Include="C:\repos\opencv\sources\modules\imgproc\test\ocl\test_blend.cpp">
      <Filter>Src\ocl</Filter>
    </ClCompile>
    <ClCompile Include="C:\repos\opencv\sources\modules\imgproc\test\ocl\test_boxfilter.cpp">
      <Filter>Src\ocl</Filter>
    </ClCompile>
    <ClCompile Include="C:\repos\opencv\sources\modules\imgproc\test\ocl\test_canny.cpp">
      <Filter>Src\ocl</Filter>
    </ClCompile>
    <ClCompile Include="C:\repos\opencv\sources\modules\imgproc\test\ocl\test_color.cpp">
      <Filter>Src\ocl</Filter>
    </ClCompile>
    <ClCompile Include="C:\repos\opencv\sources\modules\imgproc\test\ocl\test_filter2d.cpp">
      <Filter>Src\ocl</Filter>
    </ClCompile>
    <ClCompile Include="C:\repos\opencv\sources\modules\imgproc\test\ocl\test_filters.cpp">
      <Filter>Src\ocl</Filter>
    </ClCompile>
    <ClCompile Include="C:\repos\opencv\sources\modules\imgproc\test\ocl\test_gftt.cpp">
      <Filter>Src\ocl</Filter>
    </ClCompile>
    <ClCompile Include="C:\repos\opencv\sources\modules\imgproc\test\ocl\test_histogram.cpp">
      <Filter>Src\ocl</Filter>
    </ClCompile>
    <ClCompile Include="C:\repos\opencv\sources\modules\imgproc\test\ocl\test_houghlines.cpp">
      <Filter>Src\ocl</Filter>
    </ClCompile>
    <ClCompile Include="C:\repos\opencv\sources\modules\imgproc\test\ocl\test_imgproc.cpp">
      <Filter>Src\ocl</Filter>
    </ClCompile>
    <ClCompile Include="C:\repos\opencv\sources\modules\imgproc\test\ocl\test_match_template.cpp">
      <Filter>Src\ocl</Filter>
    </ClCompile>
    <ClCompile Include="C:\repos\opencv\sources\modules\imgproc\test\ocl\test_medianfilter.cpp">
      <Filter>Src\ocl</Filter>
    </ClCompile>
    <ClCompile Include="C:\repos\opencv\sources\modules\imgproc\test\ocl\test_pyramids.cpp">
      <Filter>Src\ocl</Filter>
    </ClCompile>
    <ClCompile Include="C:\repos\opencv\sources\modules\imgproc\test\ocl\test_sepfilter2D.cpp">
      <Filter>Src\ocl</Filter>
    </ClCompile>
    <ClCompile Include="C:\repos\opencv\sources\modules\imgproc\test\ocl\test_warp.cpp">
      <Filter>Src\ocl</Filter>
    </ClCompile>
    <ClCompile Include="C:\repos\opencv\sources\modules\imgproc\test\test_approxpoly.cpp">
      <Filter>Src</Filter>
    </ClCompile>
    <ClCompile Include="C:\repos\opencv\sources\modules\imgproc\test\test_bilateral_filter.cpp">
      <Filter>Src</Filter>
    </ClCompile>
    <ClCompile Include="C:\repos\opencv\sources\modules\imgproc\test\test_boundingrect.cpp">
      <Filter>Src</Filter>
    </ClCompile>
    <ClCompile Include="C:\repos\opencv\sources\modules\imgproc\test\test_canny.cpp">
      <Filter>Src</Filter>
    </ClCompile>
    <ClCompile Include="C:\repos\opencv\sources\modules\imgproc\test\test_color.cpp">
      <Filter>Src</Filter>
    </ClCompile>
    <ClCompile Include="C:\repos\opencv\sources\modules\imgproc\test\test_connectedcomponents.cpp">
      <Filter>Src</Filter>
    </ClCompile>
    <ClCompile Include="C:\repos\opencv\sources\modules\imgproc\test\test_contours.cpp">
      <Filter>Src</Filter>
    </ClCompile>
    <ClCompile Include="C:\repos\opencv\sources\modules\imgproc\test\test_convhull.cpp">
      <Filter>Src</Filter>
    </ClCompile>
    <ClCompile Include="C:\repos\opencv\sources\modules\imgproc\test\test_cvtyuv.cpp">
      <Filter>Src</Filter>
    </ClCompile>
    <ClCompile Include="C:\repos\opencv\sources\modules\imgproc\test\test_distancetransform.cpp">
      <Filter>Src</Filter>
    </ClCompile>
    <ClCompile Include="C:\repos\opencv\sources\modules\imgproc\test\test_emd.cpp">
      <Filter>Src</Filter>
    </ClCompile>
    <ClCompile Include="C:\repos\opencv\sources\modules\imgproc\test\test_filter.cpp">
      <Filter>Src</Filter>
    </ClCompile>
    <ClCompile Include="C:\repos\opencv\sources\modules\imgproc\test\test_floodfill.cpp">
      <Filter>Src</Filter>
    </ClCompile>
    <ClCompile Include="C:\repos\opencv\sources\modules\imgproc\test\test_grabcut.cpp">
      <Filter>Src</Filter>
    </ClCompile>
    <ClCompile Include="C:\repos\opencv\sources\modules\imgproc\test\test_histograms.cpp">
      <Filter>Src</Filter>
    </ClCompile>
    <ClCompile Include="C:\repos\opencv\sources\modules\imgproc\test\test_houghLines.cpp">
      <Filter>Src</Filter>
    </ClCompile>
    <ClCompile Include="C:\repos\opencv\sources\modules\imgproc\test\test_imgproc_umat.cpp">
      <Filter>Src</Filter>
    </ClCompile>
    <ClCompile Include="C:\repos\opencv\sources\modules\imgproc\test\test_imgwarp.cpp">
      <Filter>Src</Filter>
    </ClCompile>
    <ClCompile Include="C:\repos\opencv\sources\modules\imgproc\test\test_imgwarp_strict.cpp">
      <Filter>Src</Filter>
    </ClCompile>
    <ClCompile Include="C:\repos\opencv\sources\modules\imgproc\test\test_intersection.cpp">
      <Filter>Src</Filter>
    </ClCompile>
    <ClCompile Include="C:\repos\opencv\sources\modules\imgproc\test\test_lsd.cpp">
      <Filter>Src</Filter>
    </ClCompile>
    <ClCompile Include="C:\repos\opencv\sources\modules\imgproc\test\test_main.cpp">
      <Filter>Src</Filter>
    </ClCompile>
    <ClCompile Include="C:\repos\opencv\sources\modules\imgproc\test\test_moments.cpp">
      <Filter>Src</Filter>
    </ClCompile>
    <ClCompile Include="C:\repos\opencv\sources\modules\imgproc\test\test_pc.cpp">
      <Filter>Src</Filter>
    </ClCompile>
    <ClCompile Include="C:\repos\opencv\sources\modules\imgproc\test\test_templmatch.cpp">
      <Filter>Src</Filter>
    </ClCompile>
    <ClCompile Include="C:\repos\opencv\sources\modules\imgproc\test\test_thresh.cpp">
      <Filter>Src</Filter>
    </ClCompile>
    <ClCompile Include="C:\repos\opencv\sources\modules\imgproc\test\test_watershed.cpp">
      <Filter>Src</Filter>
    </ClCompile>
    <ClCompile Include="opencv_test_imgproc_pch.cpp">
      <Filter>Source Files</Filter>
    </ClCompile>
  </ItemGroup>
  <ItemGroup>
    <ClInclude Include="C:\repos\opencv\sources\modules\imgproc\test\test_precomp.hpp">
      <Filter>Include</Filter>
    </ClInclude>
  </ItemGroup>
  <ItemGroup>
    <CustomBuild Include="C:\repos\opencv\sources\modules\imgproc\CMakeLists.txt" />
  </ItemGroup>
  <ItemGroup>
    <Filter Include="Src\ocl">
      <UniqueIdentifier>{F54DB8C4-62DF-46F4-93EF-2CAFFBCCED4D}</UniqueIdentifier>
    </Filter>
    <Filter Include="Source Files">
      <UniqueIdentifier>{1F0BB369-C3FD-4FA6-A920-195A54B47A59}</UniqueIdentifier>
    </Filter>
    <Filter Include="Src">
      <UniqueIdentifier>{FD0FE800-61B3-4573-A785-A29A12B7CAAA}</UniqueIdentifier>
    </Filter>
    <Filter Include="Include">
      <UniqueIdentifier>{973203C1-C626-4ED9-A95D-7E7B953B86FC}</UniqueIdentifier>
    </Filter>
  </ItemGroup>
</Project>
