<?xml version="1.0" encoding="UTF-8"?>
<Project ToolsVersion="14.0" xmlns="http://schemas.microsoft.com/developer/msbuild/2003">
  <ItemGroup>
    <ClCompile Include="C:\repos\opencv\sources\modules\flann\src\flann.cpp">
      <Filter>Src</Filter>
    </ClCompile>
    <ClCompile Include="C:\repos\opencv\sources\modules\flann\src\miniflann.cpp">
      <Filter>Src</Filter>
    </ClCompile>
    <ClCompile Include="opencv_flann_pch.cpp">
      <Filter>Source Files</Filter>
    </ClCompile>
  </ItemGroup>
  <ItemGroup>
    <ClInclude Include="C:\repos\opencv\sources\modules\flann\include\opencv2\flann.hpp">
      <Filter>Include\opencv2</Filter>
    </ClInclude>
    <ClInclude Include="C:\repos\opencv\sources\modules\flann\include\opencv2\flann\flann.hpp">
      <Filter>Include\opencv2\flann</Filter>
    </ClInclude>
    <ClInclude Include="C:\repos\opencv\sources\modules\flann\include\opencv2\flann\flann_base.hpp">
      <Filter>Include\opencv2\flann</Filter>
    </ClInclude>
    <ClInclude Include="C:\repos\opencv\sources\modules\flann\include\opencv2\flann\miniflann.hpp">
      <Filter>Include\opencv2\flann</Filter>
    </ClInclude>
    <ClInclude Include="C:\repos\opencv\sources\modules\flann\include\opencv2\flann\allocator.h">
      <Filter>Include\opencv2\flann</Filter>
    </ClInclude>
    <ClInclude Include="C:\repos\opencv\sources\modules\flann\include\opencv2\flann\all_indices.h">
      <Filter>Include\opencv2\flann</Filter>
    </ClInclude>
    <ClInclude Include="C:\repos\opencv\sources\modules\flann\include\opencv2\flann\any.h">
      <Filter>Include\opencv2\flann</Filter>
    </ClInclude>
    <ClInclude Include="C:\repos\opencv\sources\modules\flann\include\opencv2\flann\autotuned_index.h">
      <Filter>Include\opencv2\flann</Filter>
    </ClInclude>
    <ClInclude Include="C:\repos\opencv\sources\modules\flann\include\opencv2\flann\composite_index.h">
      <Filter>Include\opencv2\flann</Filter>
    </ClInclude>
    <ClInclude Include="C:\repos\opencv\sources\modules\flann\include\opencv2\flann\config.h">
      <Filter>Include\opencv2\flann</Filter>
    </ClInclude>
    <ClInclude Include="C:\repos\opencv\sources\modules\flann\include\opencv2\flann\defines.h">
      <Filter>Include\opencv2\flann</Filter>
    </ClInclude>
    <ClInclude Include="C:\repos\opencv\sources\modules\flann\include\opencv2\flann\dist.h">
      <Filter>Include\opencv2\flann</Filter>
    </ClInclude>
    <ClInclude Include="C:\repos\opencv\sources\modules\flann\include\opencv2\flann\dummy.h">
      <Filter>Include\opencv2\flann</Filter>
    </ClInclude>
    <ClInclude Include="C:\repos\opencv\sources\modules\flann\include\opencv2\flann\dynamic_bitset.h">
      <Filter>Include\opencv2\flann</Filter>
    </ClInclude>
    <ClInclude Include="C:\repos\opencv\sources\modules\flann\include\opencv2\flann\general.h">
      <Filter>Include\opencv2\flann</Filter>
    </ClInclude>
    <ClInclude Include="C:\repos\opencv\sources\modules\flann\include\opencv2\flann\ground_truth.h">
      <Filter>Include\opencv2\flann</Filter>
    </ClInclude>
    <ClInclude Include="C:\repos\opencv\sources\modules\flann\include\opencv2\flann\hdf5.h">
      <Filter>Include\opencv2\flann</Filter>
    </ClInclude>
    <ClInclude Include="C:\repos\opencv\sources\modules\flann\include\opencv2\flann\heap.h">
      <Filter>Include\opencv2\flann</Filter>
    </ClInclude>
    <ClInclude Include="C:\repos\opencv\sources\modules\flann\include\opencv2\flann\hierarchical_clustering_index.h">
      <Filter>Include\opencv2\flann</Filter>
    </ClInclude>
    <ClInclude Include="C:\repos\opencv\sources\modules\flann\include\opencv2\flann\index_testing.h">
      <Filter>Include\opencv2\flann</Filter>
    </ClInclude>
    <ClInclude Include="C:\repos\opencv\sources\modules\flann\include\opencv2\flann\kdtree_index.h">
      <Filter>Include\opencv2\flann</Filter>
    </ClInclude>
    <ClInclude Include="C:\repos\opencv\sources\modules\flann\include\opencv2\flann\kdtree_single_index.h">
      <Filter>Include\opencv2\flann</Filter>
    </ClInclude>
    <ClInclude Include="C:\repos\opencv\sources\modules\flann\include\opencv2\flann\kmeans_index.h">
      <Filter>Include\opencv2\flann</Filter>
    </ClInclude>
    <ClInclude Include="C:\repos\opencv\sources\modules\flann\include\opencv2\flann\linear_index.h">
      <Filter>Include\opencv2\flann</Filter>
    </ClInclude>
    <ClInclude Include="C:\repos\opencv\sources\modules\flann\include\opencv2\flann\logger.h">
      <Filter>Include\opencv2\flann</Filter>
    </ClInclude>
    <ClInclude Include="C:\repos\opencv\sources\modules\flann\include\opencv2\flann\lsh_index.h">
      <Filter>Include\opencv2\flann</Filter>
    </ClInclude>
    <ClInclude Include="C:\repos\opencv\sources\modules\flann\include\opencv2\flann\lsh_table.h">
      <Filter>Include\opencv2\flann</Filter>
    </ClInclude>
    <ClInclude Include="C:\repos\opencv\sources\modules\flann\include\opencv2\flann\matrix.h">
      <Filter>Include\opencv2\flann</Filter>
    </ClInclude>
    <ClInclude Include="C:\repos\opencv\sources\modules\flann\include\opencv2\flann\nn_index.h">
      <Filter>Include\opencv2\flann</Filter>
    </ClInclude>
    <ClInclude Include="C:\repos\opencv\sources\modules\flann\include\opencv2\flann\object_factory.h">
      <Filter>Include\opencv2\flann</Filter>
    </ClInclude>
    <ClInclude Include="C:\repos\opencv\sources\modules\flann\include\opencv2\flann\params.h">
      <Filter>Include\opencv2\flann</Filter>
    </ClInclude>
    <ClInclude Include="C:\repos\opencv\sources\modules\flann\include\opencv2\flann\random.h">
      <Filter>Include\opencv2\flann</Filter>
    </ClInclude>
    <ClInclude Include="C:\repos\opencv\sources\modules\flann\include\opencv2\flann\result_set.h">
      <Filter>Include\opencv2\flann</Filter>
    </ClInclude>
    <ClInclude Include="C:\repos\opencv\sources\modules\flann\include\opencv2\flann\sampling.h">
      <Filter>Include\opencv2\flann</Filter>
    </ClInclude>
    <ClInclude Include="C:\repos\opencv\sources\modules\flann\include\opencv2\flann\saving.h">
      <Filter>Include\opencv2\flann</Filter>
    </ClInclude>
    <ClInclude Include="C:\repos\opencv\sources\modules\flann\include\opencv2\flann\simplex_downhill.h">
      <Filter>Include\opencv2\flann</Filter>
    </ClInclude>
    <ClInclude Include="C:\repos\opencv\sources\modules\flann\include\opencv2\flann\timer.h">
      <Filter>Include\opencv2\flann</Filter>
    </ClInclude>
    <ClInclude Include="C:\repos\opencv\sources\modules\flann\src\precomp.hpp">
      <Filter>Src</Filter>
    </ClInclude>
    <ClInclude Include="..\..\cvconfig.h">
      <Filter>Header Files</Filter>
    </ClInclude>
    <ClInclude Include="..\..\opencv2\opencv_modules.hpp">
      <Filter>Header Files</Filter>
    </ClInclude>
  </ItemGroup>
  <ItemGroup>
    <CustomBuild Include="C:\repos\opencv\sources\modules\flann\CMakeLists.txt" />
  </ItemGroup>
  <ItemGroup>
    <Filter Include="Include\opencv2">
      <UniqueIdentifier>{A880021F-73DA-4BE9-9005-3AFCDB0660D6}</UniqueIdentifier>
    </Filter>
    <Filter Include="Include\opencv2\flann">
      <UniqueIdentifier>{A6684E22-6FD5-4845-B9BB-ABCE832FFE52}</UniqueIdentifier>
    </Filter>
    <Filter Include="Source Files">
      <UniqueIdentifier>{1F0BB369-C3FD-4FA6-A920-195A54B47A59}</UniqueIdentifier>
    </Filter>
    <Filter Include="Header Files">
      <UniqueIdentifier>{6E21F360-A673-4A89-B3FF-3AD88F12A482}</UniqueIdentifier>
    </Filter>
    <Filter Include="Src">
      <UniqueIdentifier>{FD0FE800-61B3-4573-A785-A29A12B7CAAA}</UniqueIdentifier>
    </Filter>
    <Filter Include="Include">
      <UniqueIdentifier>{973203C1-C626-4ED9-A95D-7E7B953B86FC}</UniqueIdentifier>
    </Filter>
  </ItemGroup>
</Project>
